<?xml version="1.0" encoding="utf-8"?>
<Project ToolsVersion="4.0" xmlns="http://schemas.microsoft.com/developer/msbuild/2003">
  <ItemGroup>
    <Filter Include="Engine Header Files">
      <UniqueIdentifier>{93995380-89BD-4b04-88EB-625FBE52EBFB}</UniqueIdentifier>
      <Extensions>h;hh;hpp;hxx;hm;inl;inc;xsd</Extensions>
    </Filter>
    <Filter Include="Engine Source Files">
      <UniqueIdentifier>{4FC737F1-C7A5-4376-A066-2A32D752A2FF}</UniqueIdentifier>
      <Extensions>cpp;c;cc;cxx;def;odl;idl;hpj;bat;asm;asmx</Extensions>
    </Filter>
    <Filter Include="Engine Header Files\GUI">
      <UniqueIdentifier>{c34fdf38-4e90-449e-b206-538227591505}</UniqueIdentifier>
    </Filter>
    <Filter Include="Engine Source Files\GUI">
      <UniqueIdentifier>{ee0f07f3-778e-4945-8846-9ac0762656d5}</UniqueIdentifier>
    </Filter>
    <Filter Include="Engine Source Files\Containers">
      <UniqueIdentifier>{3b499125-257b-4621-9ea4-432ea7ea20f7}</UniqueIdentifier>
    </Filter>
    <Filter Include="Engine Header Files\Containers">
      <UniqueIdentifier>{d18ed4e1-0c15-45c5-a741-5ec609842454}</UniqueIdentifier>
    </Filter>
    <Filter Include="Engine Header Files\Utils">
      <UniqueIdentifier>{bd129de9-6a55-4b39-a356-13c668f08fda}</UniqueIdentifier>
    </Filter>
    <Filter Include="Engine Source Files\Utils">
      <UniqueIdentifier>{04fa3506-6396-4d14-bfd8-a3deef00ca82}</UniqueIdentifier>
    </Filter>
    <Filter Include="Engine Header Files\Math">
      <UniqueIdentifier>{d1c0ae2d-2268-4354-b0e6-ada3fde7fe6f}</UniqueIdentifier>
    </Filter>
    <Filter Include="Engine Source Files\Math">
      <UniqueIdentifier>{88fcd946-55a1-47c6-a155-075f696f08c4}</UniqueIdentifier>
    </Filter>
    <Filter Include="Engine Header Files\ClassComponent">
      <UniqueIdentifier>{f05ea48e-0cab-4c79-b32d-6eb62877411a}</UniqueIdentifier>
    </Filter>
    <Filter Include="Engine Source Files\ClassComponents">
      <UniqueIdentifier>{329e4209-e1d3-412e-bef2-45238a672360}</UniqueIdentifier>
    </Filter>
    <Filter Include="Engine Header Files\GameObjects">
      <UniqueIdentifier>{7f77c7c1-1779-4511-96b2-97100e151439}</UniqueIdentifier>
    </Filter>
    <Filter Include="Engine Header Files\Graphics">
      <UniqueIdentifier>{3e3a9cc7-dcdf-4234-9658-79fa8fc1a03d}</UniqueIdentifier>
    </Filter>
    <Filter Include="Engine Source Files\Graphics">
      <UniqueIdentifier>{8d9653ff-bab8-45a0-99ac-9ca98dfe127e}</UniqueIdentifier>
    </Filter>
    <Filter Include="Engine Source Files\GameObjects">
      <UniqueIdentifier>{fba0ceca-701b-4cd8-9bf7-d4a5f241d186}</UniqueIdentifier>
    </Filter>
    <Filter Include="Engine Header Files\Lua">
      <UniqueIdentifier>{568105b1-c30e-4f94-80ef-cf1c092b22da}</UniqueIdentifier>
    </Filter>
    <Filter Include="Engine Source Files\Lua">
      <UniqueIdentifier>{470eb881-206a-402d-b86b-632144043cfb}</UniqueIdentifier>
    </Filter>
    <Filter Include="Engine Header Files\Networking">
      <UniqueIdentifier>{3fbfefe5-0b24-4d1a-904d-8d990de6e072}</UniqueIdentifier>
    </Filter>
    <Filter Include="Engine Source Files\Networking">
      <UniqueIdentifier>{1e98ced5-8442-4869-9bad-b27e74e43ad6}</UniqueIdentifier>
    </Filter>
    <Filter Include="Engine Header Files\IO">
      <UniqueIdentifier>{99c19e3d-ddf7-4736-a771-ccf71869ecd4}</UniqueIdentifier>
    </Filter>
    <Filter Include="Engine Header Files\Scene">
      <UniqueIdentifier>{b413662b-9b3f-43b3-8848-e7186d248a89}</UniqueIdentifier>
    </Filter>
    <Filter Include="Engine Header Files\Group Headers">
      <UniqueIdentifier>{c05816ca-c912-45af-97a2-ecc52851aeae}</UniqueIdentifier>
    </Filter>
    <Filter Include="Engine Source Files\Scene">
      <UniqueIdentifier>{861a6270-329d-4c6d-abbb-feab35a3078c}</UniqueIdentifier>
    </Filter>
    <Filter Include="Engine Source Files\IO">
      <UniqueIdentifier>{39e723c3-bc81-4153-ad2f-f02d7d20e30d}</UniqueIdentifier>
    </Filter>
    <Filter Include="Engine Header Files\Audio">
      <UniqueIdentifier>{a7dcb5c4-cf30-4be2-a929-20816ac1568f}</UniqueIdentifier>
    </Filter>
    <Filter Include="Engine Source Files\Audio">
      <UniqueIdentifier>{a0d09031-1268-40ee-8926-d615b84c5dc3}</UniqueIdentifier>
    </Filter>
    <Filter Include="Engine Header Files\Event">
      <UniqueIdentifier>{73e54b99-bd75-45a1-8f21-d62d81240523}</UniqueIdentifier>
    </Filter>
    <Filter Include="Engine Source Files\Event">
      <UniqueIdentifier>{e70f0669-bf7b-456c-aabd-df5c99075cd1}</UniqueIdentifier>
    </Filter>
  </ItemGroup>
  <ItemGroup>
    <ClCompile Include="LearnOGL.cpp">
      <Filter>Engine Source Files</Filter>
    </ClCompile>
  </ItemGroup>
</Project>