<?xml version="1.0" encoding="utf-8"?>
<Project ToolsVersion="4.0" xmlns="http://schemas.microsoft.com/developer/msbuild/2003">
  <ItemGroup>
    <Filter Include="Resource Files">
      <UniqueIdentifier>{67DA6AB6-F800-4c08-8B7A-83BB121AAD01}</UniqueIdentifier>
      <Extensions>rc;ico;cur;bmp;dlg;rc2;rct;bin;rgs;gif;jpg;jpeg;jpe;resx;tiff;tif;png;wav;mfcribbon-ms</Extensions>
    </Filter>
    <Filter Include="Engine Header Files">
      <UniqueIdentifier>{93995380-89BD-4b04-88EB-625FBE52EBFB}</UniqueIdentifier>
      <Extensions>h;hh;hpp;hxx;hm;inl;inc;xsd</Extensions>
    </Filter>
    <Filter Include="Engine Source Files">
      <UniqueIdentifier>{4FC737F1-C7A5-4376-A066-2A32D752A2FF}</UniqueIdentifier>
      <Extensions>cpp;c;cc;cxx;def;odl;idl;hpj;bat;asm;asmx</Extensions>
    </Filter>
    <Filter Include="Engine Header Files\GUI">
      <UniqueIdentifier>{c34fdf38-4e90-449e-b206-538227591505}</UniqueIdentifier>
    </Filter>
    <Filter Include="Engine Source Files\GUI">
      <UniqueIdentifier>{ee0f07f3-778e-4945-8846-9ac0762656d5}</UniqueIdentifier>
    </Filter>
    <Filter Include="Lua Source">
      <UniqueIdentifier>{9ec49b7a-a1b1-4ec0-986f-7e97baada3af}</UniqueIdentifier>
    </Filter>
    <Filter Include="Lua Header">
      <UniqueIdentifier>{bce6dfe0-b403-4452-b48e-d12af7250eaf}</UniqueIdentifier>
    </Filter>
    <Filter Include="Engine Source Files\Containers">
      <UniqueIdentifier>{3b499125-257b-4621-9ea4-432ea7ea20f7}</UniqueIdentifier>
    </Filter>
    <Filter Include="Engine Header Files\Containers">
      <UniqueIdentifier>{d18ed4e1-0c15-45c5-a741-5ec609842454}</UniqueIdentifier>
    </Filter>
    <Filter Include="Engine Header Files\Utils">
      <UniqueIdentifier>{bd129de9-6a55-4b39-a356-13c668f08fda}</UniqueIdentifier>
    </Filter>
    <Filter Include="Engine Source Files\Utils">
      <UniqueIdentifier>{04fa3506-6396-4d14-bfd8-a3deef00ca82}</UniqueIdentifier>
    </Filter>
    <Filter Include="Engine Header Files\Math">
      <UniqueIdentifier>{d1c0ae2d-2268-4354-b0e6-ada3fde7fe6f}</UniqueIdentifier>
    </Filter>
    <Filter Include="Engine Source Files\Math">
      <UniqueIdentifier>{88fcd946-55a1-47c6-a155-075f696f08c4}</UniqueIdentifier>
    </Filter>
    <Filter Include="Engine Header Files\ClassComponent">
      <UniqueIdentifier>{f05ea48e-0cab-4c79-b32d-6eb62877411a}</UniqueIdentifier>
    </Filter>
    <Filter Include="Engine Source Files\ClassComponents">
      <UniqueIdentifier>{329e4209-e1d3-412e-bef2-45238a672360}</UniqueIdentifier>
    </Filter>
    <Filter Include="Engine Header Files\GameObjects">
      <UniqueIdentifier>{7f77c7c1-1779-4511-96b2-97100e151439}</UniqueIdentifier>
    </Filter>
    <Filter Include="Engine Header Files\Graphics">
      <UniqueIdentifier>{3e3a9cc7-dcdf-4234-9658-79fa8fc1a03d}</UniqueIdentifier>
    </Filter>
    <Filter Include="Engine Source Files\Graphics">
      <UniqueIdentifier>{8d9653ff-bab8-45a0-99ac-9ca98dfe127e}</UniqueIdentifier>
    </Filter>
    <Filter Include="Engine Source Files\GameObjects">
      <UniqueIdentifier>{fba0ceca-701b-4cd8-9bf7-d4a5f241d186}</UniqueIdentifier>
    </Filter>
    <Filter Include="Engine Header Files\Lua">
      <UniqueIdentifier>{568105b1-c30e-4f94-80ef-cf1c092b22da}</UniqueIdentifier>
    </Filter>
    <Filter Include="Engine Source Files\Lua">
      <UniqueIdentifier>{470eb881-206a-402d-b86b-632144043cfb}</UniqueIdentifier>
    </Filter>
    <Filter Include="Engine Header Files\File System">
      <UniqueIdentifier>{baf36940-ba5a-46f3-9c61-b7e3e2a19766}</UniqueIdentifier>
    </Filter>
    <Filter Include="Engine Source Files\File System">
      <UniqueIdentifier>{39e723c3-bc81-4153-ad2f-f02d7d20e30d}</UniqueIdentifier>
    </Filter>
  </ItemGroup>
  <ItemGroup>
    <ClCompile Include="Engine\Camera.cpp">
      <Filter>Engine Source Files</Filter>
    </ClCompile>
    <ClCompile Include="Engine\Network.cpp">
      <Filter>Engine Source Files</Filter>
    </ClCompile>
    <ClCompile Include="Engine\Sprite.cpp">
      <Filter>Engine Source Files</Filter>
    </ClCompile>
    <ClCompile Include="Engine\SpriteManager.cpp">
      <Filter>Engine Source Files</Filter>
    </ClCompile>
    <ClCompile Include="Engine\Tile.cpp">
      <Filter>Engine Source Files</Filter>
    </ClCompile>
    <ClCompile Include="Engine\Map.cpp">
      <Filter>Engine Source Files</Filter>
    </ClCompile>
    <ClCompile Include="Engine\GUIEntity.cpp">
      <Filter>Engine Source Files\GUI</Filter>
    </ClCompile>
    <ClCompile Include="Engine\GUIButton.cpp">
      <Filter>Engine Source Files\GUI</Filter>
    </ClCompile>
    <ClCompile Include="Engine\GUICollapsibleMenu.cpp">
      <Filter>Engine Source Files\GUI</Filter>
    </ClCompile>
    <ClCompile Include="Engine\GUIEditor.cpp">
      <Filter>Engine Source Files\GUI</Filter>
    </ClCompile>
    <ClCompile Include="Engine\GUILabel.cpp">
      <Filter>Engine Source Files\GUI</Filter>
    </ClCompile>
    <ClCompile Include="Engine\GUISlider.cpp">
      <Filter>Engine Source Files\GUI</Filter>
    </ClCompile>
    <ClCompile Include="Engine\GUIText.cpp">
      <Filter>Engine Source Files\GUI</Filter>
    </ClCompile>
    <ClCompile Include="Engine\GUIWindow.cpp">
      <Filter>Engine Source Files\GUI</Filter>
    </ClCompile>
    <ClCompile Include="Engine\GUIContext.cpp">
      <Filter>Engine Source Files\GUI</Filter>
    </ClCompile>
    <ClCompile Include="Engine\GUIMenuBar.cpp">
      <Filter>Engine Source Files\GUI</Filter>
    </ClCompile>
    <ClCompile Include="Engine\GUIDropDownMenu.cpp">
      <Filter>Engine Source Files\GUI</Filter>
    </ClCompile>
    <ClCompile Include="Engine\Main.cpp">
      <Filter>Engine Source Files</Filter>
    </ClCompile>
    <ClCompile Include="Engine\lua\lapi.c">
      <Filter>Lua Source</Filter>
    </ClCompile>
    <ClCompile Include="Engine\lua\lauxlib.c">
      <Filter>Lua Source</Filter>
    </ClCompile>
    <ClCompile Include="Engine\lua\lbaselib.c">
      <Filter>Lua Source</Filter>
    </ClCompile>
    <ClCompile Include="Engine\lua\lbitlib.c">
      <Filter>Lua Source</Filter>
    </ClCompile>
    <ClCompile Include="Engine\lua\lcode.c">
      <Filter>Lua Source</Filter>
    </ClCompile>
    <ClCompile Include="Engine\lua\lcorolib.c">
      <Filter>Lua Source</Filter>
    </ClCompile>
    <ClCompile Include="Engine\lua\lctype.c">
      <Filter>Lua Source</Filter>
    </ClCompile>
    <ClCompile Include="Engine\lua\ldblib.c">
      <Filter>Lua Source</Filter>
    </ClCompile>
    <ClCompile Include="Engine\lua\ldebug.c">
      <Filter>Lua Source</Filter>
    </ClCompile>
    <ClCompile Include="Engine\lua\ldo.c">
      <Filter>Lua Source</Filter>
    </ClCompile>
    <ClCompile Include="Engine\lua\ldump.c">
      <Filter>Lua Source</Filter>
    </ClCompile>
    <ClCompile Include="Engine\lua\lfunc.c">
      <Filter>Lua Source</Filter>
    </ClCompile>
    <ClCompile Include="Engine\lua\lgc.c">
      <Filter>Lua Source</Filter>
    </ClCompile>
    <ClCompile Include="Engine\lua\linit.c">
      <Filter>Lua Source</Filter>
    </ClCompile>
    <ClCompile Include="Engine\lua\liolib.c">
      <Filter>Lua Source</Filter>
    </ClCompile>
    <ClCompile Include="Engine\lua\llex.c">
      <Filter>Lua Source</Filter>
    </ClCompile>
    <ClCompile Include="Engine\lua\lmathlib.c">
      <Filter>Lua Source</Filter>
    </ClCompile>
    <ClCompile Include="Engine\lua\lmem.c">
      <Filter>Lua Source</Filter>
    </ClCompile>
    <ClCompile Include="Engine\lua\loadlib.c">
      <Filter>Lua Source</Filter>
    </ClCompile>
    <ClCompile Include="Engine\lua\lobject.c">
      <Filter>Lua Source</Filter>
    </ClCompile>
    <ClCompile Include="Engine\lua\lopcodes.c">
      <Filter>Lua Source</Filter>
    </ClCompile>
    <ClCompile Include="Engine\lua\loslib.c">
      <Filter>Lua Source</Filter>
    </ClCompile>
    <ClCompile Include="Engine\lua\lparser.c">
      <Filter>Lua Source</Filter>
    </ClCompile>
    <ClCompile Include="Engine\lua\lstate.c">
      <Filter>Lua Source</Filter>
    </ClCompile>
    <ClCompile Include="Engine\lua\lstring.c">
      <Filter>Lua Source</Filter>
    </ClCompile>
    <ClCompile Include="Engine\lua\lstrlib.c">
      <Filter>Lua Source</Filter>
    </ClCompile>
    <ClCompile Include="Engine\lua\ltable.c">
      <Filter>Lua Source</Filter>
    </ClCompile>
    <ClCompile Include="Engine\lua\ltablib.c">
      <Filter>Lua Source</Filter>
    </ClCompile>
    <ClCompile Include="Engine\lua\ltm.c">
      <Filter>Lua Source</Filter>
    </ClCompile>
    <ClCompile Include="Engine\lua\lundump.c">
      <Filter>Lua Source</Filter>
    </ClCompile>
    <ClCompile Include="Engine\lua\lvm.c">
      <Filter>Lua Source</Filter>
    </ClCompile>
    <ClCompile Include="Engine\lua\lzio.c">
      <Filter>Lua Source</Filter>
    </ClCompile>
    <ClCompile Include="Engine\Input.cpp">
      <Filter>Engine Source Files</Filter>
    </ClCompile>
    <ClCompile Include="Engine\Scene.cpp">
      <Filter>Engine Source Files</Filter>
    </ClCompile>
    <ClCompile Include="Engine\GraphicalUI.cpp">
      <Filter>Engine Source Files</Filter>
    </ClCompile>
    <ClCompile Include="Engine\GUIContainer.cpp">
      <Filter>Engine Source Files\GUI</Filter>
    </ClCompile>
    <ClCompile Include="Engine\MapSection.cpp">
      <Filter>Engine Source Files</Filter>
    </ClCompile>
    <ClCompile Include="Engine\GUIDLookup.cpp">
      <Filter>Engine Source Files</Filter>
    </ClCompile>
    <ClCompile Include="Engine\EntityContainer.cpp">
      <Filter>Engine Source Files\Containers</Filter>
    </ClCompile>
    <ClCompile Include="Engine\CameraContainer.cpp">
      <Filter>Engine Source Files\Containers</Filter>
    </ClCompile>
    <ClCompile Include="Engine\Timer.cpp">
      <Filter>Engine Source Files\Utils</Filter>
    </ClCompile>
    <ClCompile Include="Engine\Vector2.cpp">
      <Filter>Engine Source Files\Math</Filter>
    </ClCompile>
    <ClCompile Include="Engine\Vector3.cpp">
      <Filter>Engine Source Files\Math</Filter>
    </ClCompile>
    <ClCompile Include="Engine\Vector4.cpp">
      <Filter>Engine Source Files\Math</Filter>
    </ClCompile>
    <ClCompile Include="Engine\Math.cpp">
      <Filter>Engine Source Files\Math</Filter>
    </ClCompile>
    <ClCompile Include="Engine\CGUID.cpp">
      <Filter>Engine Source Files\ClassComponents</Filter>
    </ClCompile>
    <ClCompile Include="Engine\Position.cpp">
      <Filter>Engine Source Files\ClassComponents</Filter>
    </ClCompile>
    <ClCompile Include="Engine\Name.cpp">
      <Filter>Engine Source Files\ClassComponents</Filter>
    </ClCompile>
    <ClCompile Include="Engine\Area.cpp">
      <Filter>Engine Source Files\ClassComponents</Filter>
    </ClCompile>
    <ClCompile Include="Engine\ActiveState.cpp">
      <Filter>Engine Source Files\ClassComponents</Filter>
    </ClCompile>
    <ClCompile Include="Engine\Matrix33.cpp">
      <Filter>Engine Source Files\Math</Filter>
    </ClCompile>
    <ClCompile Include="Engine\LuaCallback.cpp">
      <Filter>Engine Source Files\ClassComponents</Filter>
    </ClCompile>
    <ClCompile Include="Engine\Avatar.cpp">
      <Filter>Engine Source Files\GameObjects</Filter>
    </ClCompile>
    <ClCompile Include="Engine\AnimatedEntity.cpp">
      <Filter>Engine Source Files\GameObjects</Filter>
    </ClCompile>
    <ClCompile Include="Engine\AnimatedSprite.cpp">
      <Filter>Engine Source Files\GameObjects</Filter>
    </ClCompile>
    <ClCompile Include="Engine\Entity.cpp">
      <Filter>Engine Source Files\GameObjects</Filter>
    </ClCompile>
    <ClCompile Include="Engine\SpriteEntity.cpp">
      <Filter>Engine Source Files\GameObjects</Filter>
    </ClCompile>
    <ClCompile Include="Engine\Inventory.cpp">
      <Filter>Engine Source Files\GameObjects</Filter>
    </ClCompile>
    <ClCompile Include="Engine\Item.cpp">
      <Filter>Engine Source Files\GameObjects</Filter>
    </ClCompile>
    <ClCompile Include="Engine\Renderer.cpp">
      <Filter>Engine Source Files\Graphics</Filter>
    </ClCompile>
    <ClCompile Include="Engine\SpriteBatcher.cpp">
      <Filter>Engine Source Files\Graphics</Filter>
    </ClCompile>
    <ClCompile Include="Engine\Window.cpp">
      <Filter>Engine Source Files\Graphics</Filter>
    </ClCompile>
    <ClCompile Include="Engine\SceneContainer.cpp">
      <Filter>Engine Source Files\Containers</Filter>
    </ClCompile>
    <ClCompile Include="Engine\WindowContainer.cpp">
      <Filter>Engine Source Files\Containers</Filter>
    </ClCompile>
    <ClCompile Include="Engine\Lua.cpp">
      <Filter>Engine Source Files\Lua</Filter>
    </ClCompile>
    <ClCompile Include="Engine\LuaObjectFactory.cpp">
      <Filter>Engine Source Files\Lua</Filter>
    </ClCompile>
    <ClCompile Include="Engine\LuaGlobalFactory.cpp">
      <Filter>Engine Source Files\Lua</Filter>
    </ClCompile>
    <ClCompile Include="Engine\EventHandler.cpp">
      <Filter>Engine Source Files</Filter>
    </ClCompile>
    <ClCompile Include="Engine\FileSystem.cpp">
      <Filter>Engine Source Files\File System</Filter>
    </ClCompile>
    <ClCompile Include="Engine\CFile.cpp">
      <Filter>Engine Source Files\File System</Filter>
    </ClCompile>
    <ClCompile Include="Engine\TCPServer.cpp">
      <Filter>Engine Source Files</Filter>
    </ClCompile>
  </ItemGroup>
  <ItemGroup>
    <ClInclude Include="Engine\Camera.h">
      <Filter>Engine Header Files</Filter>
    </ClInclude>
    <ClInclude Include="Engine\Input.h">
      <Filter>Engine Header Files</Filter>
    </ClInclude>
    <ClInclude Include="Engine\Network.h">
      <Filter>Engine Header Files</Filter>
    </ClInclude>
    <ClInclude Include="Engine\Scene.h">
      <Filter>Engine Header Files</Filter>
    </ClInclude>
    <ClInclude Include="Engine\Sprite.h">
      <Filter>Engine Header Files</Filter>
    </ClInclude>
    <ClInclude Include="Engine\SpriteManager.h">
      <Filter>Engine Header Files</Filter>
    </ClInclude>
    <ClInclude Include="Engine\Tile.h">
      <Filter>Engine Header Files</Filter>
    </ClInclude>
    <ClInclude Include="Engine\Map.h">
      <Filter>Engine Header Files</Filter>
    </ClInclude>
    <ClInclude Include="Engine\GUIEntity.h">
      <Filter>Engine Header Files\GUI</Filter>
    </ClInclude>
    <ClInclude Include="Engine\GUIWindow.h">
      <Filter>Engine Header Files\GUI</Filter>
    </ClInclude>
    <ClInclude Include="Engine\GUIButton.h">
      <Filter>Engine Header Files\GUI</Filter>
    </ClInclude>
    <ClInclude Include="Engine\GUICollapsibleMenu.h">
      <Filter>Engine Header Files\GUI</Filter>
    </ClInclude>
    <ClInclude Include="Engine\GUIEditor.h">
      <Filter>Engine Header Files\GUI</Filter>
    </ClInclude>
    <ClInclude Include="Engine\GUILabel.h">
      <Filter>Engine Header Files\GUI</Filter>
    </ClInclude>
    <ClInclude Include="Engine\GUISlider.h">
      <Filter>Engine Header Files\GUI</Filter>
    </ClInclude>
    <ClInclude Include="Engine\GUIText.h">
      <Filter>Engine Header Files\GUI</Filter>
    </ClInclude>
    <ClInclude Include="Engine\GUIContext.h">
      <Filter>Engine Header Files\GUI</Filter>
    </ClInclude>
    <ClInclude Include="Engine\GUIMenuBar.h">
      <Filter>Engine Header Files\GUI</Filter>
    </ClInclude>
    <ClInclude Include="Engine\GUIDropDownMenu.h">
      <Filter>Engine Header Files\GUI</Filter>
    </ClInclude>
    <ClInclude Include="Engine\Main.h">
      <Filter>Engine Header Files</Filter>
    </ClInclude>
    <ClInclude Include="Engine\lua\lapi.h">
      <Filter>Lua Header</Filter>
    </ClInclude>
    <ClInclude Include="Engine\lua\lauxlib.h">
      <Filter>Lua Header</Filter>
    </ClInclude>
    <ClInclude Include="Engine\lua\lcode.h">
      <Filter>Lua Header</Filter>
    </ClInclude>
    <ClInclude Include="Engine\lua\lctype.h">
      <Filter>Lua Header</Filter>
    </ClInclude>
    <ClInclude Include="Engine\lua\ldebug.h">
      <Filter>Lua Header</Filter>
    </ClInclude>
    <ClInclude Include="Engine\lua\ldo.h">
      <Filter>Lua Header</Filter>
    </ClInclude>
    <ClInclude Include="Engine\lua\lfunc.h">
      <Filter>Lua Header</Filter>
    </ClInclude>
    <ClInclude Include="Engine\lua\lgc.h">
      <Filter>Lua Header</Filter>
    </ClInclude>
    <ClInclude Include="Engine\lua\llex.h">
      <Filter>Lua Header</Filter>
    </ClInclude>
    <ClInclude Include="Engine\lua\llimits.h">
      <Filter>Lua Header</Filter>
    </ClInclude>
    <ClInclude Include="Engine\lua\lmem.h">
      <Filter>Lua Header</Filter>
    </ClInclude>
    <ClInclude Include="Engine\lua\lobject.h">
      <Filter>Lua Header</Filter>
    </ClInclude>
    <ClInclude Include="Engine\lua\lopcodes.h">
      <Filter>Lua Header</Filter>
    </ClInclude>
    <ClInclude Include="Engine\lua\lparser.h">
      <Filter>Lua Header</Filter>
    </ClInclude>
    <ClInclude Include="Engine\lua\lstate.h">
      <Filter>Lua Header</Filter>
    </ClInclude>
    <ClInclude Include="Engine\lua\lstring.h">
      <Filter>Lua Header</Filter>
    </ClInclude>
    <ClInclude Include="Engine\lua\ltable.h">
      <Filter>Lua Header</Filter>
    </ClInclude>
    <ClInclude Include="Engine\lua\ltm.h">
      <Filter>Lua Header</Filter>
    </ClInclude>
    <ClInclude Include="Engine\lua\lua.h">
      <Filter>Lua Header</Filter>
    </ClInclude>
    <ClInclude Include="Engine\lua\lua.hpp">
      <Filter>Lua Header</Filter>
    </ClInclude>
    <ClInclude Include="Engine\lua\luaconf.h">
      <Filter>Lua Header</Filter>
    </ClInclude>
    <ClInclude Include="Engine\lua\lualib.h">
      <Filter>Lua Header</Filter>
    </ClInclude>
    <ClInclude Include="Engine\lua\lundump.h">
      <Filter>Lua Header</Filter>
    </ClInclude>
    <ClInclude Include="Engine\lua\lvm.h">
      <Filter>Lua Header</Filter>
    </ClInclude>
    <ClInclude Include="Engine\lua\lzio.h">
      <Filter>Lua Header</Filter>
    </ClInclude>
    <ClInclude Include="Engine\GraphicalUI.h">
      <Filter>Engine Header Files</Filter>
    </ClInclude>
    <ClInclude Include="Engine\GUIContainer.h">
      <Filter>Engine Header Files\GUI</Filter>
    </ClInclude>
    <ClInclude Include="Engine\MapSection.h">
      <Filter>Engine Header Files</Filter>
    </ClInclude>
    <ClInclude Include="Engine\GUIDLookup.h">
      <Filter>Engine Header Files</Filter>
    </ClInclude>
    <ClInclude Include="Engine\EntityContainer.h">
      <Filter>Engine Header Files\Containers</Filter>
    </ClInclude>
    <ClInclude Include="Engine\CameraContainer.h">
      <Filter>Engine Header Files\Containers</Filter>
    </ClInclude>
    <ClInclude Include="Engine\StringConverter.h">
      <Filter>Engine Header Files\Utils</Filter>
    </ClInclude>
    <ClInclude Include="Engine\Timer.h">
      <Filter>Engine Header Files\Utils</Filter>
    </ClInclude>
    <ClInclude Include="Engine\Vector4.h">
      <Filter>Engine Header Files\Math</Filter>
    </ClInclude>
    <ClInclude Include="Engine\Vector2.h">
      <Filter>Engine Header Files\Math</Filter>
    </ClInclude>
    <ClInclude Include="Engine\Vector3.h">
      <Filter>Engine Header Files\Math</Filter>
    </ClInclude>
    <ClInclude Include="Engine\Math.h">
      <Filter>Engine Header Files\Math</Filter>
    </ClInclude>
    <ClInclude Include="Engine\CGUID.h">
      <Filter>Engine Header Files\ClassComponent</Filter>
    </ClInclude>
    <ClInclude Include="Engine\Name.h">
      <Filter>Engine Header Files\ClassComponent</Filter>
    </ClInclude>
    <ClInclude Include="Engine\Position.h">
      <Filter>Engine Header Files\ClassComponent</Filter>
    </ClInclude>
    <ClInclude Include="Engine\Area.h">
      <Filter>Engine Header Files\ClassComponent</Filter>
    </ClInclude>
    <ClInclude Include="Engine\ActiveState.h">
      <Filter>Engine Header Files\ClassComponent</Filter>
    </ClInclude>
    <ClInclude Include="Engine\Matrix33.h">
      <Filter>Engine Header Files\Math</Filter>
    </ClInclude>
    <ClInclude Include="Engine\LuaCallback.h">
      <Filter>Engine Header Files\ClassComponent</Filter>
    </ClInclude>
    <ClInclude Include="Engine\Avatar.h">
      <Filter>Engine Header Files\GameObjects</Filter>
    </ClInclude>
    <ClInclude Include="Engine\AnimatedEntity.h">
      <Filter>Engine Header Files\GameObjects</Filter>
    </ClInclude>
    <ClInclude Include="Engine\AnimatedSprite.h">
      <Filter>Engine Header Files\GameObjects</Filter>
    </ClInclude>
    <ClInclude Include="Engine\Entity.h">
      <Filter>Engine Header Files\GameObjects</Filter>
    </ClInclude>
    <ClInclude Include="Engine\Item.h">
      <Filter>Engine Header Files\GameObjects</Filter>
    </ClInclude>
    <ClInclude Include="Engine\SpriteEntity.h">
      <Filter>Engine Header Files\GameObjects</Filter>
    </ClInclude>
    <ClInclude Include="Engine\Renderer.h">
      <Filter>Engine Header Files\Graphics</Filter>
    </ClInclude>
    <ClInclude Include="Engine\SpriteBatcher.h">
      <Filter>Engine Header Files\Graphics</Filter>
    </ClInclude>
    <ClInclude Include="Engine\Window.h">
      <Filter>Engine Header Files\Graphics</Filter>
    </ClInclude>
    <ClInclude Include="Engine\Inventory.h">
      <Filter>Engine Header Files\GameObjects</Filter>
    </ClInclude>
    <ClInclude Include="Engine\SceneContainer.h">
      <Filter>Engine Header Files\Containers</Filter>
    </ClInclude>
    <ClInclude Include="Engine\WindowContainer.h">
      <Filter>Engine Header Files\Containers</Filter>
    </ClInclude>
    <ClInclude Include="Engine\LuaUtils.h">
      <Filter>Engine Header Files\Utils</Filter>
    </ClInclude>
    <ClInclude Include="Engine\Lua.h">
      <Filter>Engine Header Files\Lua</Filter>
    </ClInclude>
    <ClInclude Include="Engine\LuaObjectFactory.h">
      <Filter>Engine Header Files\Lua</Filter>
    </ClInclude>
    <ClInclude Include="Engine\LuaGlobalFactory.h">
      <Filter>Engine Header Files\Lua</Filter>
    </ClInclude>
    <ClInclude Include="Engine\EventHandler.h">
      <Filter>Engine Header Files</Filter>
    </ClInclude>
    <ClInclude Include="Engine\EFile.h">
      <Filter>Engine Header Files\File System</Filter>
    </ClInclude>
    <ClInclude Include="Engine\CFile.h">
      <Filter>Engine Header Files\File System</Filter>
    </ClInclude>
    <ClInclude Include="Engine\FileSystem.h">
      <Filter>Engine Header Files\File System</Filter>
    </ClInclude>
    <ClInclude Include="Engine\CBuffer.h">
      <Filter>Engine Header Files\Utils</Filter>
    </ClInclude>
    <ClInclude Include="Engine\TCPConnection.h">
      <Filter>Engine Header Files</Filter>
    </ClInclude>
    <ClInclude Include="Engine\TCPServer.h">
      <Filter>Engine Header Files</Filter>
    </ClInclude>
    <ClInclude Include="Engine\CScriptable.h">
      <Filter>Engine Header Files\ClassComponent</Filter>
    </ClInclude>
    <ClInclude Include="Engine\BitCompare.h">
      <Filter>Engine Header Files\Utils</Filter>
    </ClInclude>
    <ClInclude Include="Engine\ClassFlags.h">
      <Filter>Engine Header Files\Utils</Filter>
    </ClInclude>
  </ItemGroup>
</Project>