<?xml version="1.0" encoding="utf-8"?>
<Project ToolsVersion="4.0" xmlns="http://schemas.microsoft.com/developer/msbuild/2003">
  <ItemGroup>
    <Filter Include="Engine Header Files">
      <UniqueIdentifier>{93995380-89BD-4b04-88EB-625FBE52EBFB}</UniqueIdentifier>
      <Extensions>h;hh;hpp;hxx;hm;inl;inc;xsd</Extensions>
    </Filter>
    <Filter Include="Engine Source Files">
      <UniqueIdentifier>{4FC737F1-C7A5-4376-A066-2A32D752A2FF}</UniqueIdentifier>
      <Extensions>cpp;c;cc;cxx;def;odl;idl;hpj;bat;asm;asmx</Extensions>
    </Filter>
    <Filter Include="Engine Header Files\GUI">
      <UniqueIdentifier>{c34fdf38-4e90-449e-b206-538227591505}</UniqueIdentifier>
    </Filter>
    <Filter Include="Engine Source Files\GUI">
      <UniqueIdentifier>{ee0f07f3-778e-4945-8846-9ac0762656d5}</UniqueIdentifier>
    </Filter>
    <Filter Include="Lua Source">
      <UniqueIdentifier>{9ec49b7a-a1b1-4ec0-986f-7e97baada3af}</UniqueIdentifier>
    </Filter>
    <Filter Include="Lua Header">
      <UniqueIdentifier>{bce6dfe0-b403-4452-b48e-d12af7250eaf}</UniqueIdentifier>
    </Filter>
    <Filter Include="Engine Source Files\Containers">
      <UniqueIdentifier>{3b499125-257b-4621-9ea4-432ea7ea20f7}</UniqueIdentifier>
    </Filter>
    <Filter Include="Engine Header Files\Containers">
      <UniqueIdentifier>{d18ed4e1-0c15-45c5-a741-5ec609842454}</UniqueIdentifier>
    </Filter>
    <Filter Include="Engine Header Files\Utils">
      <UniqueIdentifier>{bd129de9-6a55-4b39-a356-13c668f08fda}</UniqueIdentifier>
    </Filter>
    <Filter Include="Engine Source Files\Utils">
      <UniqueIdentifier>{04fa3506-6396-4d14-bfd8-a3deef00ca82}</UniqueIdentifier>
    </Filter>
    <Filter Include="Engine Header Files\Math">
      <UniqueIdentifier>{d1c0ae2d-2268-4354-b0e6-ada3fde7fe6f}</UniqueIdentifier>
    </Filter>
    <Filter Include="Engine Source Files\Math">
      <UniqueIdentifier>{88fcd946-55a1-47c6-a155-075f696f08c4}</UniqueIdentifier>
    </Filter>
    <Filter Include="Engine Header Files\ClassComponent">
      <UniqueIdentifier>{f05ea48e-0cab-4c79-b32d-6eb62877411a}</UniqueIdentifier>
    </Filter>
    <Filter Include="Engine Source Files\ClassComponents">
      <UniqueIdentifier>{329e4209-e1d3-412e-bef2-45238a672360}</UniqueIdentifier>
    </Filter>
    <Filter Include="Engine Header Files\GameObjects">
      <UniqueIdentifier>{7f77c7c1-1779-4511-96b2-97100e151439}</UniqueIdentifier>
    </Filter>
    <Filter Include="Engine Header Files\Graphics">
      <UniqueIdentifier>{3e3a9cc7-dcdf-4234-9658-79fa8fc1a03d}</UniqueIdentifier>
    </Filter>
    <Filter Include="Engine Source Files\Graphics">
      <UniqueIdentifier>{8d9653ff-bab8-45a0-99ac-9ca98dfe127e}</UniqueIdentifier>
    </Filter>
    <Filter Include="Engine Source Files\GameObjects">
      <UniqueIdentifier>{fba0ceca-701b-4cd8-9bf7-d4a5f241d186}</UniqueIdentifier>
    </Filter>
    <Filter Include="Engine Header Files\Lua">
      <UniqueIdentifier>{568105b1-c30e-4f94-80ef-cf1c092b22da}</UniqueIdentifier>
    </Filter>
    <Filter Include="Engine Source Files\Lua">
      <UniqueIdentifier>{470eb881-206a-402d-b86b-632144043cfb}</UniqueIdentifier>
    </Filter>
    <Filter Include="Engine Header Files\Networking">
      <UniqueIdentifier>{3fbfefe5-0b24-4d1a-904d-8d990de6e072}</UniqueIdentifier>
    </Filter>
    <Filter Include="Engine Source Files\Networking">
      <UniqueIdentifier>{1e98ced5-8442-4869-9bad-b27e74e43ad6}</UniqueIdentifier>
    </Filter>
    <Filter Include="Engine Header Files\IO">
      <UniqueIdentifier>{99c19e3d-ddf7-4736-a771-ccf71869ecd4}</UniqueIdentifier>
    </Filter>
    <Filter Include="Engine Header Files\Scene">
      <UniqueIdentifier>{b413662b-9b3f-43b3-8848-e7186d248a89}</UniqueIdentifier>
    </Filter>
    <Filter Include="Engine Header Files\Group Headers">
      <UniqueIdentifier>{c05816ca-c912-45af-97a2-ecc52851aeae}</UniqueIdentifier>
    </Filter>
    <Filter Include="Engine Source Files\Scene">
      <UniqueIdentifier>{861a6270-329d-4c6d-abbb-feab35a3078c}</UniqueIdentifier>
    </Filter>
    <Filter Include="Engine Source Files\IO">
      <UniqueIdentifier>{39e723c3-bc81-4153-ad2f-f02d7d20e30d}</UniqueIdentifier>
    </Filter>
    <Filter Include="Engine Header Files\Audio">
      <UniqueIdentifier>{a7dcb5c4-cf30-4be2-a929-20816ac1568f}</UniqueIdentifier>
    </Filter>
    <Filter Include="Engine Source Files\Audio">
      <UniqueIdentifier>{a0d09031-1268-40ee-8926-d615b84c5dc3}</UniqueIdentifier>
    </Filter>
    <Filter Include="Engine Header Files\Event">
      <UniqueIdentifier>{73e54b99-bd75-45a1-8f21-d62d81240523}</UniqueIdentifier>
    </Filter>
    <Filter Include="Engine Source Files\Event">
      <UniqueIdentifier>{e70f0669-bf7b-456c-aabd-df5c99075cd1}</UniqueIdentifier>
    </Filter>
  </ItemGroup>
  <ItemGroup>
    <ClCompile Include="Engine\Main.cpp">
      <Filter>Engine Source Files</Filter>
    </ClCompile>
    <ClCompile Include="Engine\gui\GUIButton.cpp">
      <Filter>Engine Source Files\GUI</Filter>
    </ClCompile>
    <ClCompile Include="Engine\gui\GUICollapsibleMenu.cpp">
      <Filter>Engine Source Files\GUI</Filter>
    </ClCompile>
    <ClCompile Include="Engine\gui\GUIContainer.cpp">
      <Filter>Engine Source Files\GUI</Filter>
    </ClCompile>
    <ClCompile Include="Engine\gui\GUIContext.cpp">
      <Filter>Engine Source Files\GUI</Filter>
    </ClCompile>
    <ClCompile Include="Engine\gui\GUIDropDownMenu.cpp">
      <Filter>Engine Source Files\GUI</Filter>
    </ClCompile>
    <ClCompile Include="Engine\gui\GUIEditor.cpp">
      <Filter>Engine Source Files\GUI</Filter>
    </ClCompile>
    <ClCompile Include="Engine\gui\GUIEntity.cpp">
      <Filter>Engine Source Files\GUI</Filter>
    </ClCompile>
    <ClCompile Include="Engine\gui\GUILabel.cpp">
      <Filter>Engine Source Files\GUI</Filter>
    </ClCompile>
    <ClCompile Include="Engine\gui\GUIMenuBar.cpp">
      <Filter>Engine Source Files\GUI</Filter>
    </ClCompile>
    <ClCompile Include="Engine\gui\GUISlider.cpp">
      <Filter>Engine Source Files\GUI</Filter>
    </ClCompile>
    <ClCompile Include="Engine\gui\GUIText.cpp">
      <Filter>Engine Source Files\GUI</Filter>
    </ClCompile>
    <ClCompile Include="Engine\gui\GUIWindow.cpp">
      <Filter>Engine Source Files\GUI</Filter>
    </ClCompile>
    <ClCompile Include="Engine\math\Vector2.cpp">
      <Filter>Engine Source Files\Math</Filter>
    </ClCompile>
    <ClCompile Include="Engine\math\Vector3.cpp">
      <Filter>Engine Source Files\Math</Filter>
    </ClCompile>
    <ClCompile Include="Engine\math\Vector4.cpp">
      <Filter>Engine Source Files\Math</Filter>
    </ClCompile>
    <ClCompile Include="Engine\math\Matrix33.cpp">
      <Filter>Engine Source Files\Math</Filter>
    </ClCompile>
    <ClCompile Include="Engine\networking\CTCPConnection.cpp">
      <Filter>Engine Source Files\Networking</Filter>
    </ClCompile>
    <ClCompile Include="Engine\networking\CTCPServer.cpp">
      <Filter>Engine Source Files\Networking</Filter>
    </ClCompile>
    <ClCompile Include="Engine\networking\CNetwork.cpp">
      <Filter>Engine Source Files\Networking</Filter>
    </ClCompile>
    <ClCompile Include="Engine\gameobject\Avatar.cpp">
      <Filter>Engine Source Files\GameObjects</Filter>
    </ClCompile>
    <ClCompile Include="Engine\gameobject\AnimatedEntity.cpp">
      <Filter>Engine Source Files\GameObjects</Filter>
    </ClCompile>
    <ClCompile Include="Engine\gameobject\Entity.cpp">
      <Filter>Engine Source Files\GameObjects</Filter>
    </ClCompile>
    <ClCompile Include="Engine\gameobject\SpriteEntity.cpp">
      <Filter>Engine Source Files\GameObjects</Filter>
    </ClCompile>
    <ClCompile Include="Engine\component\ActiveState.cpp">
      <Filter>Engine Source Files\ClassComponents</Filter>
    </ClCompile>
    <ClCompile Include="Engine\component\Area.cpp">
      <Filter>Engine Source Files\ClassComponents</Filter>
    </ClCompile>
    <ClCompile Include="Engine\component\CGUID.cpp">
      <Filter>Engine Source Files\ClassComponents</Filter>
    </ClCompile>
    <ClCompile Include="Engine\gameobject\Item.cpp">
      <Filter>Engine Source Files\GameObjects</Filter>
    </ClCompile>
    <ClCompile Include="Engine\gameobject\Inventory.cpp">
      <Filter>Engine Source Files\GameObjects</Filter>
    </ClCompile>
    <ClCompile Include="Engine\component\Name.cpp">
      <Filter>Engine Source Files\ClassComponents</Filter>
    </ClCompile>
    <ClCompile Include="Engine\component\Position.cpp">
      <Filter>Engine Source Files\ClassComponents</Filter>
    </ClCompile>
    <ClCompile Include="Engine\io\CFile.cpp">
      <Filter>Engine Source Files\IO</Filter>
    </ClCompile>
    <ClCompile Include="Engine\io\FileSystem.cpp">
      <Filter>Engine Source Files\IO</Filter>
    </ClCompile>
    <ClCompile Include="Engine\util\Timer.cpp">
      <Filter>Engine Source Files\Utils</Filter>
    </ClCompile>
    <ClCompile Include="Engine\containers\CameraContainer.cpp">
      <Filter>Engine Source Files\Containers</Filter>
    </ClCompile>
    <ClCompile Include="Engine\containers\EntityContainer.cpp">
      <Filter>Engine Source Files\Containers</Filter>
    </ClCompile>
    <ClCompile Include="Engine\containers\WindowContainer.cpp">
      <Filter>Engine Source Files\Containers</Filter>
    </ClCompile>
    <ClCompile Include="Engine\containers\SceneContainer.cpp">
      <Filter>Engine Source Files\Containers</Filter>
    </ClCompile>
    <ClCompile Include="Engine\graphics\Renderer.cpp">
      <Filter>Engine Source Files\Graphics</Filter>
    </ClCompile>
    <ClCompile Include="Engine\graphics\SpriteBatcher.cpp">
      <Filter>Engine Source Files\Graphics</Filter>
    </ClCompile>
    <ClCompile Include="Engine\graphics\Window.cpp">
      <Filter>Engine Source Files\Graphics</Filter>
    </ClCompile>
    <ClCompile Include="Engine\component\LuaCallback.cpp">
      <Filter>Engine Source Files\ClassComponents</Filter>
    </ClCompile>
    <ClCompile Include="Engine\GUIDLookup.cpp">
      <Filter>Engine Source Files</Filter>
    </ClCompile>
    <ClCompile Include="Engine\graphics\AnimatedSprite.cpp">
      <Filter>Engine Source Files\GameObjects</Filter>
    </ClCompile>
    <ClCompile Include="Engine\networking\CServerTCPConnection.cpp">
      <Filter>Engine Source Files\Networking</Filter>
    </ClCompile>
    <ClCompile Include="Engine\networking\CClientTCPConnection.cpp">
      <Filter>Engine Source Files\Networking</Filter>
    </ClCompile>
    <ClCompile Include="Engine\networking\CConnection.cpp">
      <Filter>Engine Source Files\Networking</Filter>
    </ClCompile>
    <ClCompile Include="Engine\graphics\Sprite.cpp">
      <Filter>Engine Source Files\Graphics</Filter>
    </ClCompile>
    <ClCompile Include="Engine\graphics\SpriteManager.cpp">
      <Filter>Engine Source Files\Graphics</Filter>
    </ClCompile>
    <ClCompile Include="Engine\gui\GraphicalUI.cpp">
      <Filter>Engine Source Files\GUI</Filter>
    </ClCompile>
    <ClCompile Include="Engine\audio\CAudioMixer.cpp">
      <Filter>Engine Source Files\Audio</Filter>
    </ClCompile>
    <ClCompile Include="Engine\audio\CAudioSignal.cpp">
      <Filter>Engine Source Files\Audio</Filter>
    </ClCompile>
    <ClCompile Include="Engine\io\Input.cpp">
      <Filter>Engine Source Files\Event</Filter>
    </ClCompile>
    <ClCompile Include="Engine\event\EventHandler.cpp">
      <Filter>Engine Source Files\Event</Filter>
    </ClCompile>
    <ClCompile Include="Engine\lua\lib\lapi.c">
      <Filter>Lua Source</Filter>
    </ClCompile>
    <ClCompile Include="Engine\lua\lib\lauxlib.c">
      <Filter>Lua Source</Filter>
    </ClCompile>
    <ClCompile Include="Engine\lua\lib\lbaselib.c">
      <Filter>Lua Source</Filter>
    </ClCompile>
    <ClCompile Include="Engine\lua\lib\lbitlib.c">
      <Filter>Lua Source</Filter>
    </ClCompile>
    <ClCompile Include="Engine\lua\lib\lcode.c">
      <Filter>Lua Source</Filter>
    </ClCompile>
    <ClCompile Include="Engine\lua\lib\lcorolib.c">
      <Filter>Lua Source</Filter>
    </ClCompile>
    <ClCompile Include="Engine\lua\lib\lctype.c">
      <Filter>Lua Source</Filter>
    </ClCompile>
    <ClCompile Include="Engine\lua\lib\ldblib.c">
      <Filter>Lua Source</Filter>
    </ClCompile>
    <ClCompile Include="Engine\lua\lib\ldebug.c">
      <Filter>Lua Source</Filter>
    </ClCompile>
    <ClCompile Include="Engine\lua\lib\ldo.c">
      <Filter>Lua Source</Filter>
    </ClCompile>
    <ClCompile Include="Engine\lua\lib\ldump.c">
      <Filter>Lua Source</Filter>
    </ClCompile>
    <ClCompile Include="Engine\lua\lib\lfunc.c">
      <Filter>Lua Source</Filter>
    </ClCompile>
    <ClCompile Include="Engine\lua\lib\lgc.c">
      <Filter>Lua Source</Filter>
    </ClCompile>
    <ClCompile Include="Engine\lua\lib\linit.c">
      <Filter>Lua Source</Filter>
    </ClCompile>
    <ClCompile Include="Engine\lua\lib\liolib.c">
      <Filter>Lua Source</Filter>
    </ClCompile>
    <ClCompile Include="Engine\lua\lib\llex.c">
      <Filter>Lua Source</Filter>
    </ClCompile>
    <ClCompile Include="Engine\lua\lib\lmathlib.c">
      <Filter>Lua Source</Filter>
    </ClCompile>
    <ClCompile Include="Engine\lua\lib\lmem.c">
      <Filter>Lua Source</Filter>
    </ClCompile>
    <ClCompile Include="Engine\lua\lib\loadlib.c">
      <Filter>Lua Source</Filter>
    </ClCompile>
    <ClCompile Include="Engine\lua\lib\lobject.c">
      <Filter>Lua Source</Filter>
    </ClCompile>
    <ClCompile Include="Engine\lua\lib\lopcodes.c">
      <Filter>Lua Source</Filter>
    </ClCompile>
    <ClCompile Include="Engine\lua\lib\loslib.c">
      <Filter>Lua Source</Filter>
    </ClCompile>
    <ClCompile Include="Engine\lua\lib\lparser.c">
      <Filter>Lua Source</Filter>
    </ClCompile>
    <ClCompile Include="Engine\lua\lib\lstate.c">
      <Filter>Lua Source</Filter>
    </ClCompile>
    <ClCompile Include="Engine\lua\lib\lstring.c">
      <Filter>Lua Source</Filter>
    </ClCompile>
    <ClCompile Include="Engine\lua\lib\lstrlib.c">
      <Filter>Lua Source</Filter>
    </ClCompile>
    <ClCompile Include="Engine\lua\lib\ltable.c">
      <Filter>Lua Source</Filter>
    </ClCompile>
    <ClCompile Include="Engine\lua\lib\ltablib.c">
      <Filter>Lua Source</Filter>
    </ClCompile>
    <ClCompile Include="Engine\lua\lib\ltm.c">
      <Filter>Lua Source</Filter>
    </ClCompile>
    <ClCompile Include="Engine\lua\lib\lundump.c">
      <Filter>Lua Source</Filter>
    </ClCompile>
    <ClCompile Include="Engine\lua\lib\lvm.c">
      <Filter>Lua Source</Filter>
    </ClCompile>
    <ClCompile Include="Engine\lua\lib\lzio.c">
      <Filter>Lua Source</Filter>
    </ClCompile>
    <ClCompile Include="Engine\lua\Lua.cpp">
      <Filter>Engine Source Files\Lua</Filter>
    </ClCompile>
    <ClCompile Include="Engine\lua\LuaObjectFactory.cpp">
      <Filter>Engine Source Files\Lua</Filter>
    </ClCompile>
    <ClCompile Include="Engine\component\CScriptable.cpp">
      <Filter>Engine Source Files</Filter>
    </ClCompile>
    <ClCompile Include="Engine\gameobject\Camera.cpp">
      <Filter>Engine Source Files\Scene</Filter>
    </ClCompile>
    <ClCompile Include="Engine\gameobject\Map.cpp">
      <Filter>Engine Source Files\Scene</Filter>
    </ClCompile>
    <ClCompile Include="Engine\gameobject\MapSection.cpp">
      <Filter>Engine Source Files\Scene</Filter>
    </ClCompile>
    <ClCompile Include="Engine\gameobject\Scene.cpp">
      <Filter>Engine Source Files\Scene</Filter>
    </ClCompile>
    <ClCompile Include="Engine\gameobject\Tile.cpp">
      <Filter>Engine Source Files\Scene</Filter>
    </ClCompile>
    <ClCompile Include="Engine\audio\CAudioDevice.cpp">
      <Filter>Engine Source Files</Filter>
    </ClCompile>
    <ClCompile Include="Engine\audio\WavDecoder.cpp">
      <Filter>Engine Source Files</Filter>
    </ClCompile>
    <ClCompile Include="Engine\ScriptGame.cpp">
      <Filter>Engine Source Files</Filter>
    </ClCompile>
    <ClCompile Include="Engine\DataGame.cpp">
      <Filter>Engine Source Files</Filter>
    </ClCompile>
    <ClCompile Include="Engine\io\gamefile\GameFileLoader.cpp">
      <Filter>Engine Source Files</Filter>
    </ClCompile>
    <ClCompile Include="Engine\io\gamefile\GameFileMap.cpp">
      <Filter>Engine Source Files</Filter>
    </ClCompile>
    <ClCompile Include="Engine\io\gamefile\GameFileScript.cpp">
      <Filter>Engine Source Files</Filter>
    </ClCompile>
    <ClCompile Include="Engine\util\BufferWriter.cpp">
      <Filter>Engine Source Files</Filter>
    </ClCompile>
    <ClCompile Include="Engine\util\BufferReader.cpp">
      <Filter>Engine Source Files</Filter>
    </ClCompile>
  </ItemGroup>
  <ItemGroup>
    <ClInclude Include="Engine\Main.h">
      <Filter>Engine Header Files</Filter>
    </ClInclude>
    <ClInclude Include="Engine\gui\GUIButton.h">
      <Filter>Engine Header Files\GUI</Filter>
    </ClInclude>
    <ClInclude Include="Engine\gui\GUICollapsibleMenu.h">
      <Filter>Engine Header Files\GUI</Filter>
    </ClInclude>
    <ClInclude Include="Engine\gui\GUIContainer.h">
      <Filter>Engine Header Files\GUI</Filter>
    </ClInclude>
    <ClInclude Include="Engine\gui\GUIContext.h">
      <Filter>Engine Header Files\GUI</Filter>
    </ClInclude>
    <ClInclude Include="Engine\gui\GUIDropDownMenu.h">
      <Filter>Engine Header Files\GUI</Filter>
    </ClInclude>
    <ClInclude Include="Engine\gui\GUIEditor.h">
      <Filter>Engine Header Files\GUI</Filter>
    </ClInclude>
    <ClInclude Include="Engine\gui\GUIEntity.h">
      <Filter>Engine Header Files\GUI</Filter>
    </ClInclude>
    <ClInclude Include="Engine\gui\GUILabel.h">
      <Filter>Engine Header Files\GUI</Filter>
    </ClInclude>
    <ClInclude Include="Engine\gui\GUIMenuBar.h">
      <Filter>Engine Header Files\GUI</Filter>
    </ClInclude>
    <ClInclude Include="Engine\gui\GUISlider.h">
      <Filter>Engine Header Files\GUI</Filter>
    </ClInclude>
    <ClInclude Include="Engine\gui\GUIText.h">
      <Filter>Engine Header Files\GUI</Filter>
    </ClInclude>
    <ClInclude Include="Engine\gui\GUIWindow.h">
      <Filter>Engine Header Files\GUI</Filter>
    </ClInclude>
    <ClInclude Include="Engine\math\Vector4.h">
      <Filter>Engine Header Files\Math</Filter>
    </ClInclude>
    <ClInclude Include="Engine\math\Vector2.h">
      <Filter>Engine Header Files\Math</Filter>
    </ClInclude>
    <ClInclude Include="Engine\math\Vector3.h">
      <Filter>Engine Header Files\Math</Filter>
    </ClInclude>
    <ClInclude Include="Engine\math\Matrix33.h">
      <Filter>Engine Header Files\Math</Filter>
    </ClInclude>
    <ClInclude Include="Engine\networking\CTCPServer.h">
      <Filter>Engine Header Files\Networking</Filter>
    </ClInclude>
    <ClInclude Include="Engine\networking\CServerTCPConnection.h">
      <Filter>Engine Header Files\Networking</Filter>
    </ClInclude>
    <ClInclude Include="Engine\networking\CTCPConnection.h">
      <Filter>Engine Header Files\Networking</Filter>
    </ClInclude>
    <ClInclude Include="Engine\networking\CNetwork.h">
      <Filter>Engine Header Files\Networking</Filter>
    </ClInclude>
    <ClInclude Include="Engine\networking\CConnection.h">
      <Filter>Engine Header Files\Networking</Filter>
    </ClInclude>
    <ClInclude Include="Engine\networking\CClientTCPConnection.h">
      <Filter>Engine Header Files\Networking</Filter>
    </ClInclude>
    <ClInclude Include="Engine\gameobject\Avatar.h">
      <Filter>Engine Header Files\GameObjects</Filter>
    </ClInclude>
    <ClInclude Include="Engine\gameobject\AnimatedEntity.h">
      <Filter>Engine Header Files\GameObjects</Filter>
    </ClInclude>
    <ClInclude Include="Engine\gameobject\Entity.h">
      <Filter>Engine Header Files\GameObjects</Filter>
    </ClInclude>
    <ClInclude Include="Engine\gameobject\SpriteEntity.h">
      <Filter>Engine Header Files\GameObjects</Filter>
    </ClInclude>
    <ClInclude Include="Engine\component\ActiveState.h">
      <Filter>Engine Header Files\ClassComponent</Filter>
    </ClInclude>
    <ClInclude Include="Engine\component\Area.h">
      <Filter>Engine Header Files\ClassComponent</Filter>
    </ClInclude>
    <ClInclude Include="Engine\component\CGUID.h">
      <Filter>Engine Header Files\ClassComponent</Filter>
    </ClInclude>
    <ClInclude Include="Engine\component\CScriptable.h">
      <Filter>Engine Header Files\ClassComponent</Filter>
    </ClInclude>
    <ClInclude Include="Engine\gameobject\Item.h">
      <Filter>Engine Header Files\GameObjects</Filter>
    </ClInclude>
    <ClInclude Include="Engine\gameobject\Inventory.h">
      <Filter>Engine Header Files\GameObjects</Filter>
    </ClInclude>
    <ClInclude Include="Engine\component\Name.h">
      <Filter>Engine Header Files\ClassComponent</Filter>
    </ClInclude>
    <ClInclude Include="Engine\component\Position.h">
      <Filter>Engine Header Files\ClassComponent</Filter>
    </ClInclude>
    <ClInclude Include="Engine\util\Timer.h">
      <Filter>Engine Header Files\Utils</Filter>
    </ClInclude>
    <ClInclude Include="Engine\util\LuaUtils.h">
      <Filter>Engine Header Files\Utils</Filter>
    </ClInclude>
    <ClInclude Include="Engine\util\StringConverter.h">
      <Filter>Engine Header Files\Utils</Filter>
    </ClInclude>
    <ClInclude Include="Engine\util\CBuffer.h">
      <Filter>Engine Header Files\Utils</Filter>
    </ClInclude>
    <ClInclude Include="Engine\util\BitCompare.h">
      <Filter>Engine Header Files\Utils</Filter>
    </ClInclude>
    <ClInclude Include="Engine\containers\CameraContainer.h">
      <Filter>Engine Header Files\Containers</Filter>
    </ClInclude>
    <ClInclude Include="Engine\containers\EntityContainer.h">
      <Filter>Engine Header Files\Containers</Filter>
    </ClInclude>
    <ClInclude Include="Engine\containers\WindowContainer.h">
      <Filter>Engine Header Files\Containers</Filter>
    </ClInclude>
    <ClInclude Include="Engine\containers\SceneContainer.h">
      <Filter>Engine Header Files\Containers</Filter>
    </ClInclude>
    <ClInclude Include="Engine\graphics\Renderer.h">
      <Filter>Engine Header Files\Graphics</Filter>
    </ClInclude>
    <ClInclude Include="Engine\graphics\SpriteBatcher.h">
      <Filter>Engine Header Files\Graphics</Filter>
    </ClInclude>
    <ClInclude Include="Engine\graphics\Window.h">
      <Filter>Engine Header Files\Graphics</Filter>
    </ClInclude>
    <ClInclude Include="Engine\io\CFile.h">
      <Filter>Engine Header Files\IO</Filter>
    </ClInclude>
    <ClInclude Include="Engine\io\EFile.h">
      <Filter>Engine Header Files\IO</Filter>
    </ClInclude>
    <ClInclude Include="Engine\io\FileSystem.h">
      <Filter>Engine Header Files\IO</Filter>
    </ClInclude>
    <ClInclude Include="Engine\component\LuaCallback.h">
      <Filter>Engine Header Files\ClassComponent</Filter>
    </ClInclude>
    <ClInclude Include="Engine\graphics\AnimatedSprite.h">
      <Filter>Engine Header Files\GameObjects</Filter>
    </ClInclude>
    <ClInclude Include="Engine\graphics\SpriteManager.h">
      <Filter>Engine Header Files\Graphics</Filter>
    </ClInclude>
    <ClInclude Include="Engine\graphics\Sprite.h">
      <Filter>Engine Header Files\Graphics</Filter>
    </ClInclude>
    <ClInclude Include="Engine\Containers.h">
      <Filter>Engine Header Files\Group Headers</Filter>
    </ClInclude>
    <ClInclude Include="Engine\GameObjects.h">
      <Filter>Engine Header Files\Group Headers</Filter>
    </ClInclude>
    <ClInclude Include="Engine\Components.h">
      <Filter>Engine Header Files\Group Headers</Filter>
    </ClInclude>
    <ClInclude Include="Engine\Math.h">
      <Filter>Engine Header Files\Group Headers</Filter>
    </ClInclude>
    <ClInclude Include="Engine\gui\GraphicalUI.h">
      <Filter>Engine Header Files\GUI</Filter>
    </ClInclude>
    <ClInclude Include="Engine\audio\IBitstreamDecoder.h">
      <Filter>Engine Header Files\Audio</Filter>
    </ClInclude>
    <ClInclude Include="Engine\audio\CAudioDevice.h">
      <Filter>Engine Header Files\Audio</Filter>
    </ClInclude>
    <ClInclude Include="Engine\audio\CAudioMixer.h">
      <Filter>Engine Header Files\Audio</Filter>
    </ClInclude>
    <ClInclude Include="Engine\audio\CAudioSignal.h">
      <Filter>Engine Header Files\Audio</Filter>
    </ClInclude>
    <ClInclude Include="Engine\audio\CAudioTrack.h">
      <Filter>Engine Header Files\Audio</Filter>
    </ClInclude>
    <ClInclude Include="Engine\audio\IAudioEffect.h">
      <Filter>Engine Header Files\Audio</Filter>
    </ClInclude>
    <ClInclude Include="Engine\GUIDLookup.h">
      <Filter>Engine Header Files</Filter>
    </ClInclude>
    <ClInclude Include="Engine\event\CKeyboardEvent.h">
      <Filter>Engine Header Files\Event</Filter>
    </ClInclude>
    <ClInclude Include="Engine\event\CMouseButton.h">
      <Filter>Engine Header Files\Event</Filter>
    </ClInclude>
    <ClInclude Include="Engine\event\CMouseMotion.h">
      <Filter>Engine Header Files\Event</Filter>
    </ClInclude>
    <ClInclude Include="Engine\event\EEvent.h">
      <Filter>Engine Header Files\Event</Filter>
    </ClInclude>
    <ClInclude Include="Engine\event\EKeyboardKey.h">
      <Filter>Engine Header Files\Event</Filter>
    </ClInclude>
    <ClInclude Include="Engine\event\EMouseButton.h">
      <Filter>Engine Header Files\Event</Filter>
    </ClInclude>
    <ClInclude Include="Engine\event\IEvent.h">
      <Filter>Engine Header Files\Event</Filter>
    </ClInclude>
    <ClInclude Include="Engine\event\EventHandler.h">
      <Filter>Engine Header Files\Event</Filter>
    </ClInclude>
    <ClInclude Include="Engine\io\Input.h">
      <Filter>Engine Header Files\Event</Filter>
    </ClInclude>
    <ClInclude Include="Engine\lua\lib\lapi.h">
      <Filter>Lua Header</Filter>
    </ClInclude>
    <ClInclude Include="Engine\lua\lib\lauxlib.h">
      <Filter>Lua Header</Filter>
    </ClInclude>
    <ClInclude Include="Engine\lua\lib\lcode.h">
      <Filter>Lua Header</Filter>
    </ClInclude>
    <ClInclude Include="Engine\lua\lib\lctype.h">
      <Filter>Lua Header</Filter>
    </ClInclude>
    <ClInclude Include="Engine\lua\lib\ldebug.h">
      <Filter>Lua Header</Filter>
    </ClInclude>
    <ClInclude Include="Engine\lua\lib\ldo.h">
      <Filter>Lua Header</Filter>
    </ClInclude>
    <ClInclude Include="Engine\lua\lib\lfunc.h">
      <Filter>Lua Header</Filter>
    </ClInclude>
    <ClInclude Include="Engine\lua\lib\lgc.h">
      <Filter>Lua Header</Filter>
    </ClInclude>
    <ClInclude Include="Engine\lua\lib\llex.h">
      <Filter>Lua Header</Filter>
    </ClInclude>
    <ClInclude Include="Engine\lua\lib\llimits.h">
      <Filter>Lua Header</Filter>
    </ClInclude>
    <ClInclude Include="Engine\lua\lib\lmem.h">
      <Filter>Lua Header</Filter>
    </ClInclude>
    <ClInclude Include="Engine\lua\lib\lobject.h">
      <Filter>Lua Header</Filter>
    </ClInclude>
    <ClInclude Include="Engine\lua\lib\lopcodes.h">
      <Filter>Lua Header</Filter>
    </ClInclude>
    <ClInclude Include="Engine\lua\lib\lparser.h">
      <Filter>Lua Header</Filter>
    </ClInclude>
    <ClInclude Include="Engine\lua\lib\lstate.h">
      <Filter>Lua Header</Filter>
    </ClInclude>
    <ClInclude Include="Engine\lua\lib\lstring.h">
      <Filter>Lua Header</Filter>
    </ClInclude>
    <ClInclude Include="Engine\lua\lib\ltable.h">
      <Filter>Lua Header</Filter>
    </ClInclude>
    <ClInclude Include="Engine\lua\lib\ltm.h">
      <Filter>Lua Header</Filter>
    </ClInclude>
    <ClInclude Include="Engine\lua\lib\lua.h">
      <Filter>Lua Header</Filter>
    </ClInclude>
    <ClInclude Include="Engine\lua\lib\lua.hpp">
      <Filter>Lua Header</Filter>
    </ClInclude>
    <ClInclude Include="Engine\lua\lib\luaconf.h">
      <Filter>Lua Header</Filter>
    </ClInclude>
    <ClInclude Include="Engine\lua\lib\lualib.h">
      <Filter>Lua Header</Filter>
    </ClInclude>
    <ClInclude Include="Engine\lua\lib\lundump.h">
      <Filter>Lua Header</Filter>
    </ClInclude>
    <ClInclude Include="Engine\lua\lib\lvm.h">
      <Filter>Lua Header</Filter>
    </ClInclude>
    <ClInclude Include="Engine\lua\lib\lzio.h">
      <Filter>Lua Header</Filter>
    </ClInclude>
    <ClInclude Include="Engine\lua\lua.h">
      <Filter>Engine Header Files\Lua</Filter>
    </ClInclude>
    <ClInclude Include="Engine\lua\LuaGlobalFactory.h">
      <Filter>Engine Header Files\Lua</Filter>
    </ClInclude>
    <ClInclude Include="Engine\lua\LuaMetatableFactory.h">
      <Filter>Engine Header Files\Lua</Filter>
    </ClInclude>
    <ClInclude Include="Engine\lua\LuaObjectFactory.h">
      <Filter>Engine Header Files\Lua</Filter>
    </ClInclude>
    <ClInclude Include="Engine\event\CEvent.h">
      <Filter>Engine Header Files\Event</Filter>
    </ClInclude>
    <ClInclude Include="Engine\event\CMouseWheel.h">
      <Filter>Engine Header Files</Filter>
    </ClInclude>
    <ClInclude Include="Engine\gameobject\Camera.h">
      <Filter>Engine Header Files\Scene</Filter>
    </ClInclude>
    <ClInclude Include="Engine\gameobject\Map.h">
      <Filter>Engine Header Files\Scene</Filter>
    </ClInclude>
    <ClInclude Include="Engine\gameobject\MapSection.h">
      <Filter>Engine Header Files\Scene</Filter>
    </ClInclude>
    <ClInclude Include="Engine\gameobject\Scene.h">
      <Filter>Engine Header Files\Scene</Filter>
    </ClInclude>
    <ClInclude Include="Engine\gameobject\Tile.h">
      <Filter>Engine Header Files\Scene</Filter>
    </ClInclude>
    <ClInclude Include="Engine\audio\CAudioBuffer.h">
      <Filter>Engine Header Files</Filter>
    </ClInclude>
    <ClInclude Include="Engine\audio\WavDecoder.h">
      <Filter>Engine Header Files</Filter>
    </ClInclude>
    <ClInclude Include="Engine\IGame.h">
      <Filter>Engine Header Files</Filter>
    </ClInclude>
    <ClInclude Include="Engine\ScriptGame.h">
      <Filter>Engine Header Files</Filter>
    </ClInclude>
    <ClInclude Include="Engine\DataGame.h">
      <Filter>Engine Header Files</Filter>
    </ClInclude>
    <ClInclude Include="Engine\io\gamefile\GameFileLoader.h">
      <Filter>Engine Header Files</Filter>
    </ClInclude>
    <ClInclude Include="Engine\io\gamefile\GameFileHeader.h">
      <Filter>Engine Header Files</Filter>
    </ClInclude>
    <ClInclude Include="Engine\io\gamefile\GameFileChunk.h">
      <Filter>Engine Header Files</Filter>
    </ClInclude>
    <ClInclude Include="Engine\io\gamefile\EGameFileChunkType.h">
      <Filter>Engine Header Files</Filter>
    </ClInclude>
    <ClInclude Include="Engine\io\gamefile\GameFileMap.h">
      <Filter>Engine Header Files</Filter>
    </ClInclude>
    <ClInclude Include="Engine\io\gamefile\GameFileScript.h">
      <Filter>Engine Header Files</Filter>
    </ClInclude>
    <ClInclude Include="Engine\util\BufferWriter.h">
      <Filter>Engine Header Files</Filter>
    </ClInclude>
    <ClInclude Include="Engine\util\BufferReader.h">
      <Filter>Engine Header Files</Filter>
    </ClInclude>
    <ClInclude Include="Engine\util\BufferIO.h">
      <Filter>Engine Header Files</Filter>
    </ClInclude>
  </ItemGroup>
</Project>