
Microsoft Visual Studio Solution File, Format Version 12.00
# Visual Studio 14
VisualStudioVersion = 14.0.22310.1
MinimumVisualStudioVersion = 10.0.40219.1
Project("{8BC9CEB8-8B4A-11D0-8D11-00A0C91BC942}") = "Protheus", "..\src\Protheus\Protheus.vcxproj", "{F9AC6516-613E-424E-BE31-5526A44185FF}"
	ProjectSection(ProjectDependencies) = postProject
		{9C7944F6-E79D-49A9-811A-8EB9B8CE9316} = {9C7944F6-E79D-49A9-811A-8EB9B8CE9316}
	EndProjectSection
EndProject
Project("{8BC9CEB8-8B4A-11D0-8D11-00A0C91BC942}") = "Utilities", "..\src\Utilities\DataStructures.vcxproj", "{B822C1BA-5047-430A-A47D-CA52829CB401}"
EndProject
Project("{8BC9CEB8-8B4A-11D0-8D11-00A0C91BC942}") = "Core", "..\src\Core\Core.vcxproj", "{9C7944F6-E79D-49A9-811A-8EB9B8CE9316}"
	ProjectSection(ProjectDependencies) = postProject
		{B822C1BA-5047-430A-A47D-CA52829CB401} = {B822C1BA-5047-430A-A47D-CA52829CB401}
	EndProjectSection
EndProject
Project("{8BC9CEB8-8B4A-11D0-8D11-00A0C91BC942}") = "Test", "..\src\Test\Test.vcxproj", "{478BCF73-99EB-4283-9468-64CC65ED6887}"
	ProjectSection(ProjectDependencies) = postProject
		{9C7944F6-E79D-49A9-811A-8EB9B8CE9316} = {9C7944F6-E79D-49A9-811A-8EB9B8CE9316}
	EndProjectSection
EndProject
Project("{8BC9CEB8-8B4A-11D0-8D11-00A0C91BC942}") = "Utilities_Test", "..\src\Utilities_Test\Utilities_Test.vcxproj", "{E7851FC1-E47D-4CBB-9F65-2777AB63EF42}"
	ProjectSection(ProjectDependencies) = postProject
		{B822C1BA-5047-430A-A47D-CA52829CB401} = {B822C1BA-5047-430A-A47D-CA52829CB401}
	EndProjectSection
EndProject
Project("{8BC9CEB8-8B4A-11D0-8D11-00A0C91BC942}") = "Core_Test", "..\src\Core_Test\Core_Test.vcxproj", "{95089840-2D6E-466E-8E7E-F188345FB96E}"
	ProjectSection(ProjectDependencies) = postProject
		{9C7944F6-E79D-49A9-811A-8EB9B8CE9316} = {9C7944F6-E79D-49A9-811A-8EB9B8CE9316}
	EndProjectSection
EndProject
Global
	GlobalSection(SolutionConfigurationPlatforms) = preSolution
		Debug|ARM = Debug|ARM
		Debug|Win32 = Debug|Win32
		Debug|x64 = Debug|x64
		Release|ARM = Release|ARM
		Release|Win32 = Release|Win32
		Release|x64 = Release|x64
	EndGlobalSection
	GlobalSection(ProjectConfigurationPlatforms) = postSolution
		{F9AC6516-613E-424E-BE31-5526A44185FF}.Debug|ARM.ActiveCfg = Debug|ARM
		{F9AC6516-613E-424E-BE31-5526A44185FF}.Debug|ARM.Build.0 = Debug|ARM
		{F9AC6516-613E-424E-BE31-5526A44185FF}.Debug|Win32.ActiveCfg = Debug|Win32
		{F9AC6516-613E-424E-BE31-5526A44185FF}.Debug|Win32.Build.0 = Debug|Win32
		{F9AC6516-613E-424E-BE31-5526A44185FF}.Debug|x64.ActiveCfg = Debug|x64
		{F9AC6516-613E-424E-BE31-5526A44185FF}.Debug|x64.Build.0 = Debug|x64
		{F9AC6516-613E-424E-BE31-5526A44185FF}.Release|ARM.ActiveCfg = Release|ARM
		{F9AC6516-613E-424E-BE31-5526A44185FF}.Release|ARM.Build.0 = Release|ARM
		{F9AC6516-613E-424E-BE31-5526A44185FF}.Release|Win32.ActiveCfg = Release|Win32
		{F9AC6516-613E-424E-BE31-5526A44185FF}.Release|Win32.Build.0 = Release|Win32
		{F9AC6516-613E-424E-BE31-5526A44185FF}.Release|x64.ActiveCfg = Release|x64
		{F9AC6516-613E-424E-BE31-5526A44185FF}.Release|x64.Build.0 = Release|x64
		{B822C1BA-5047-430A-A47D-CA52829CB401}.Debug|ARM.ActiveCfg = Debug|ARM
		{B822C1BA-5047-430A-A47D-CA52829CB401}.Debug|Win32.ActiveCfg = Debug|Win32
		{B822C1BA-5047-430A-A47D-CA52829CB401}.Debug|Win32.Build.0 = Debug|Win32
		{B822C1BA-5047-430A-A47D-CA52829CB401}.Debug|x64.ActiveCfg = Debug|x64
		{B822C1BA-5047-430A-A47D-CA52829CB401}.Release|ARM.ActiveCfg = Release|ARM
		{B822C1BA-5047-430A-A47D-CA52829CB401}.Release|Win32.ActiveCfg = Release|Win32
		{B822C1BA-5047-430A-A47D-CA52829CB401}.Release|Win32.Build.0 = Release|Win32
		{B822C1BA-5047-430A-A47D-CA52829CB401}.Release|x64.ActiveCfg = Release|x64
		{9C7944F6-E79D-49A9-811A-8EB9B8CE9316}.Debug|ARM.ActiveCfg = Debug|ARM
		{9C7944F6-E79D-49A9-811A-8EB9B8CE9316}.Debug|Win32.ActiveCfg = Debug|Win32
		{9C7944F6-E79D-49A9-811A-8EB9B8CE9316}.Debug|Win32.Build.0 = Debug|Win32
		{9C7944F6-E79D-49A9-811A-8EB9B8CE9316}.Debug|x64.ActiveCfg = Debug|x64
		{9C7944F6-E79D-49A9-811A-8EB9B8CE9316}.Release|ARM.ActiveCfg = Release|ARM
		{9C7944F6-E79D-49A9-811A-8EB9B8CE9316}.Release|Win32.ActiveCfg = Release|Win32
		{9C7944F6-E79D-49A9-811A-8EB9B8CE9316}.Release|Win32.Build.0 = Release|Win32
		{9C7944F6-E79D-49A9-811A-8EB9B8CE9316}.Release|x64.ActiveCfg = Release|x64
		{478BCF73-99EB-4283-9468-64CC65ED6887}.Debug|ARM.ActiveCfg = Debug|ARM
		{478BCF73-99EB-4283-9468-64CC65ED6887}.Debug|Win32.ActiveCfg = Debug|Win32
		{478BCF73-99EB-4283-9468-64CC65ED6887}.Debug|Win32.Build.0 = Debug|Win32
		{478BCF73-99EB-4283-9468-64CC65ED6887}.Debug|x64.ActiveCfg = Debug|x64
		{478BCF73-99EB-4283-9468-64CC65ED6887}.Release|ARM.ActiveCfg = Release|ARM
		{478BCF73-99EB-4283-9468-64CC65ED6887}.Release|Win32.ActiveCfg = Release|Win32
		{478BCF73-99EB-4283-9468-64CC65ED6887}.Release|Win32.Build.0 = Release|Win32
		{478BCF73-99EB-4283-9468-64CC65ED6887}.Release|x64.ActiveCfg = Release|x64
		{E7851FC1-E47D-4CBB-9F65-2777AB63EF42}.Debug|ARM.ActiveCfg = Debug|ARM
		{E7851FC1-E47D-4CBB-9F65-2777AB63EF42}.Debug|Win32.ActiveCfg = Debug|Win32
		{E7851FC1-E47D-4CBB-9F65-2777AB63EF42}.Debug|Win32.Build.0 = Debug|Win32
		{E7851FC1-E47D-4CBB-9F65-2777AB63EF42}.Debug|x64.ActiveCfg = Debug|x64
		{E7851FC1-E47D-4CBB-9F65-2777AB63EF42}.Release|ARM.ActiveCfg = Release|ARM
		{E7851FC1-E47D-4CBB-9F65-2777AB63EF42}.Release|Win32.ActiveCfg = Release|Win32
		{E7851FC1-E47D-4CBB-9F65-2777AB63EF42}.Release|Win32.Build.0 = Release|Win32
		{E7851FC1-E47D-4CBB-9F65-2777AB63EF42}.Release|x64.ActiveCfg = Release|x64
		{95089840-2D6E-466E-8E7E-F188345FB96E}.Debug|ARM.ActiveCfg = Debug|ARM
		{95089840-2D6E-466E-8E7E-F188345FB96E}.Debug|Win32.ActiveCfg = Debug|Win32
		{95089840-2D6E-466E-8E7E-F188345FB96E}.Debug|Win32.Build.0 = Debug|Win32
		{95089840-2D6E-466E-8E7E-F188345FB96E}.Debug|x64.ActiveCfg = Debug|x64
		{95089840-2D6E-466E-8E7E-F188345FB96E}.Release|ARM.ActiveCfg = Release|ARM
		{95089840-2D6E-466E-8E7E-F188345FB96E}.Release|Win32.ActiveCfg = Release|Win32
		{95089840-2D6E-466E-8E7E-F188345FB96E}.Release|Win32.Build.0 = Release|Win32
		{95089840-2D6E-466E-8E7E-F188345FB96E}.Release|x64.ActiveCfg = Release|x64
	EndGlobalSection
	GlobalSection(SolutionProperties) = preSolution
		HideSolutionNode = FALSE
	EndGlobalSection
EndGlobal
