
Microsoft Visual Studio Solution File, Format Version 12.00
# Visual Studio 14
VisualStudioVersion = 14.0.22310.1
MinimumVisualStudioVersion = 10.0.40219.1
Project("{8BC9CEB8-8B4A-11D0-8D11-00A0C91BC942}") = "Protheus", "..\src\Protheus\Protheus.vcxproj", "{F9AC6516-613E-424E-BE31-5526A44185FF}"
	ProjectSection(ProjectDependencies) = postProject
		{9C7944F6-E79D-49A9-811A-8EB9B8CE9316} = {9C7944F6-E79D-49A9-811A-8EB9B8CE9316}
	EndProjectSection
EndProject
Project("{8BC9CEB8-8B4A-11D0-8D11-00A0C91BC942}") = "Utilities", "..\src\Utilities\DataStructures.vcxproj", "{B822C1BA-5047-430A-A47D-CA52829CB401}"
EndProject
Project("{8BC9CEB8-8B4A-11D0-8D11-00A0C91BC942}") = "Core", "..\src\Core\Core.vcxproj", "{9C7944F6-E79D-49A9-811A-8EB9B8CE9316}"
	ProjectSection(ProjectDependencies) = postProject
		{B822C1BA-5047-430A-A47D-CA52829CB401} = {B822C1BA-5047-430A-A47D-CA52829CB401}
	EndProjectSection
EndProject
Project("{8BC9CEB8-8B4A-11D0-8D11-00A0C91BC942}") = "Test", "..\src\Test\Test.vcxproj", "{478BCF73-99EB-4283-9468-64CC65ED6887}"
	ProjectSection(ProjectDependencies) = postProject
		{9C7944F6-E79D-49A9-811A-8EB9B8CE9316} = {9C7944F6-E79D-49A9-811A-8EB9B8CE9316}
	EndProjectSection
EndProject
Project("{8BC9CEB8-8B4A-11D0-8D11-00A0C91BC942}") = "Utilities_test", "..\src\Utilities_test\Utilites_test.vcxproj", "{F6099407-1871-4FC0-8CDC-B76B1A369DB1}"
EndProject
Global
	GlobalSection(SolutionConfigurationPlatforms) = preSolution
		Debug|ARM = Debug|ARM
		Debug|Mixed Platforms = Debug|Mixed Platforms
		Debug|Win32 = Debug|Win32
		Debug|x64 = Debug|x64
		Debug|x86 = Debug|x86
		Debugging|ARM = Debugging|ARM
		Debugging|Mixed Platforms = Debugging|Mixed Platforms
		Debugging|Win32 = Debugging|Win32
		Debugging|x64 = Debugging|x64
		Debugging|x86 = Debugging|x86
		Release|ARM = Release|ARM
		Release|Mixed Platforms = Release|Mixed Platforms
		Release|Win32 = Release|Win32
		Release|x64 = Release|x64
		Release|x86 = Release|x86
	EndGlobalSection
	GlobalSection(ProjectConfigurationPlatforms) = postSolution
		{F9AC6516-613E-424E-BE31-5526A44185FF}.Debug|ARM.ActiveCfg = Debug|ARM
		{F9AC6516-613E-424E-BE31-5526A44185FF}.Debug|ARM.Build.0 = Debug|ARM
		{F9AC6516-613E-424E-BE31-5526A44185FF}.Debug|Mixed Platforms.ActiveCfg = Debug|Win32
		{F9AC6516-613E-424E-BE31-5526A44185FF}.Debug|Mixed Platforms.Build.0 = Debug|Win32
		{F9AC6516-613E-424E-BE31-5526A44185FF}.Debug|Win32.ActiveCfg = Debug|Win32
		{F9AC6516-613E-424E-BE31-5526A44185FF}.Debug|Win32.Build.0 = Debug|Win32
		{F9AC6516-613E-424E-BE31-5526A44185FF}.Debug|x64.ActiveCfg = Debug|x64
		{F9AC6516-613E-424E-BE31-5526A44185FF}.Debug|x64.Build.0 = Debug|x64
		{F9AC6516-613E-424E-BE31-5526A44185FF}.Debug|x86.ActiveCfg = Debug|Win32
		{F9AC6516-613E-424E-BE31-5526A44185FF}.Debug|x86.Build.0 = Debug|Win32
		{F9AC6516-613E-424E-BE31-5526A44185FF}.Debug|x86.Deploy.0 = Debug|Win32
		{F9AC6516-613E-424E-BE31-5526A44185FF}.Debugging|ARM.ActiveCfg = Debugging|ARM
		{F9AC6516-613E-424E-BE31-5526A44185FF}.Debugging|ARM.Build.0 = Debugging|ARM
		{F9AC6516-613E-424E-BE31-5526A44185FF}.Debugging|Mixed Platforms.ActiveCfg = Debugging|Win32
		{F9AC6516-613E-424E-BE31-5526A44185FF}.Debugging|Mixed Platforms.Build.0 = Debugging|Win32
		{F9AC6516-613E-424E-BE31-5526A44185FF}.Debugging|Win32.ActiveCfg = Debugging|Win32
		{F9AC6516-613E-424E-BE31-5526A44185FF}.Debugging|Win32.Build.0 = Debugging|Win32
		{F9AC6516-613E-424E-BE31-5526A44185FF}.Debugging|x64.ActiveCfg = Debugging|x64
		{F9AC6516-613E-424E-BE31-5526A44185FF}.Debugging|x64.Build.0 = Debugging|x64
		{F9AC6516-613E-424E-BE31-5526A44185FF}.Debugging|x86.ActiveCfg = Debugging|Win32
		{F9AC6516-613E-424E-BE31-5526A44185FF}.Debugging|x86.Build.0 = Debugging|Win32
		{F9AC6516-613E-424E-BE31-5526A44185FF}.Release|ARM.ActiveCfg = Release|ARM
		{F9AC6516-613E-424E-BE31-5526A44185FF}.Release|ARM.Build.0 = Release|ARM
		{F9AC6516-613E-424E-BE31-5526A44185FF}.Release|Mixed Platforms.ActiveCfg = Release|Win32
		{F9AC6516-613E-424E-BE31-5526A44185FF}.Release|Mixed Platforms.Build.0 = Release|Win32
		{F9AC6516-613E-424E-BE31-5526A44185FF}.Release|Win32.ActiveCfg = Release|Win32
		{F9AC6516-613E-424E-BE31-5526A44185FF}.Release|Win32.Build.0 = Release|Win32
		{F9AC6516-613E-424E-BE31-5526A44185FF}.Release|x64.ActiveCfg = Release|x64
		{F9AC6516-613E-424E-BE31-5526A44185FF}.Release|x64.Build.0 = Release|x64
		{F9AC6516-613E-424E-BE31-5526A44185FF}.Release|x86.ActiveCfg = Release|Win32
		{F9AC6516-613E-424E-BE31-5526A44185FF}.Release|x86.Build.0 = Release|Win32
		{B822C1BA-5047-430A-A47D-CA52829CB401}.Debug|ARM.ActiveCfg = Debug|Win32
		{B822C1BA-5047-430A-A47D-CA52829CB401}.Debug|Mixed Platforms.ActiveCfg = Debug|Win32
		{B822C1BA-5047-430A-A47D-CA52829CB401}.Debug|Mixed Platforms.Build.0 = Debug|Win32
		{B822C1BA-5047-430A-A47D-CA52829CB401}.Debug|Win32.ActiveCfg = Debug|Win32
		{B822C1BA-5047-430A-A47D-CA52829CB401}.Debug|Win32.Build.0 = Debug|Win32
		{B822C1BA-5047-430A-A47D-CA52829CB401}.Debug|x64.ActiveCfg = Debug|Win32
		{B822C1BA-5047-430A-A47D-CA52829CB401}.Debug|x86.ActiveCfg = Debug|Win32
		{B822C1BA-5047-430A-A47D-CA52829CB401}.Debug|x86.Build.0 = Debug|Win32
		{B822C1BA-5047-430A-A47D-CA52829CB401}.Debugging|ARM.ActiveCfg = Debugging|Win32
		{B822C1BA-5047-430A-A47D-CA52829CB401}.Debugging|Mixed Platforms.ActiveCfg = Debugging|Win32
		{B822C1BA-5047-430A-A47D-CA52829CB401}.Debugging|Mixed Platforms.Build.0 = Debugging|Win32
		{B822C1BA-5047-430A-A47D-CA52829CB401}.Debugging|Win32.ActiveCfg = Debugging|Win32
		{B822C1BA-5047-430A-A47D-CA52829CB401}.Debugging|Win32.Build.0 = Debugging|Win32
		{B822C1BA-5047-430A-A47D-CA52829CB401}.Debugging|x64.ActiveCfg = Debugging|Win32
		{B822C1BA-5047-430A-A47D-CA52829CB401}.Debugging|x86.ActiveCfg = Debugging|Win32
		{B822C1BA-5047-430A-A47D-CA52829CB401}.Debugging|x86.Build.0 = Debugging|Win32
		{B822C1BA-5047-430A-A47D-CA52829CB401}.Release|ARM.ActiveCfg = Release|Win32
		{B822C1BA-5047-430A-A47D-CA52829CB401}.Release|Mixed Platforms.ActiveCfg = Release|Win32
		{B822C1BA-5047-430A-A47D-CA52829CB401}.Release|Mixed Platforms.Build.0 = Release|Win32
		{B822C1BA-5047-430A-A47D-CA52829CB401}.Release|Win32.ActiveCfg = Release|Win32
		{B822C1BA-5047-430A-A47D-CA52829CB401}.Release|Win32.Build.0 = Release|Win32
		{B822C1BA-5047-430A-A47D-CA52829CB401}.Release|x64.ActiveCfg = Release|Win32
		{B822C1BA-5047-430A-A47D-CA52829CB401}.Release|x86.ActiveCfg = Release|Win32
		{B822C1BA-5047-430A-A47D-CA52829CB401}.Release|x86.Build.0 = Release|Win32
		{9C7944F6-E79D-49A9-811A-8EB9B8CE9316}.Debug|ARM.ActiveCfg = Debug|Win32
		{9C7944F6-E79D-49A9-811A-8EB9B8CE9316}.Debug|Mixed Platforms.ActiveCfg = Debug|Win32
		{9C7944F6-E79D-49A9-811A-8EB9B8CE9316}.Debug|Mixed Platforms.Build.0 = Debug|Win32
		{9C7944F6-E79D-49A9-811A-8EB9B8CE9316}.Debug|Win32.ActiveCfg = Debug|Win32
		{9C7944F6-E79D-49A9-811A-8EB9B8CE9316}.Debug|Win32.Build.0 = Debug|Win32
		{9C7944F6-E79D-49A9-811A-8EB9B8CE9316}.Debug|x64.ActiveCfg = Debug|Win32
		{9C7944F6-E79D-49A9-811A-8EB9B8CE9316}.Debug|x86.ActiveCfg = Debug|Win32
		{9C7944F6-E79D-49A9-811A-8EB9B8CE9316}.Debug|x86.Build.0 = Debug|Win32
		{9C7944F6-E79D-49A9-811A-8EB9B8CE9316}.Debugging|ARM.ActiveCfg = Release|Win32
		{9C7944F6-E79D-49A9-811A-8EB9B8CE9316}.Debugging|ARM.Build.0 = Release|Win32
		{9C7944F6-E79D-49A9-811A-8EB9B8CE9316}.Debugging|Mixed Platforms.ActiveCfg = Debug|Win32
		{9C7944F6-E79D-49A9-811A-8EB9B8CE9316}.Debugging|Mixed Platforms.Build.0 = Debug|Win32
		{9C7944F6-E79D-49A9-811A-8EB9B8CE9316}.Debugging|Win32.ActiveCfg = Debug|Win32
		{9C7944F6-E79D-49A9-811A-8EB9B8CE9316}.Debugging|Win32.Build.0 = Debug|Win32
		{9C7944F6-E79D-49A9-811A-8EB9B8CE9316}.Debugging|x64.ActiveCfg = Release|Win32
		{9C7944F6-E79D-49A9-811A-8EB9B8CE9316}.Debugging|x64.Build.0 = Release|Win32
		{9C7944F6-E79D-49A9-811A-8EB9B8CE9316}.Debugging|x86.ActiveCfg = Debug|Win32
		{9C7944F6-E79D-49A9-811A-8EB9B8CE9316}.Debugging|x86.Build.0 = Debug|Win32
		{9C7944F6-E79D-49A9-811A-8EB9B8CE9316}.Release|ARM.ActiveCfg = Release|Win32
		{9C7944F6-E79D-49A9-811A-8EB9B8CE9316}.Release|Mixed Platforms.ActiveCfg = Release|Win32
		{9C7944F6-E79D-49A9-811A-8EB9B8CE9316}.Release|Mixed Platforms.Build.0 = Release|Win32
		{9C7944F6-E79D-49A9-811A-8EB9B8CE9316}.Release|Win32.ActiveCfg = Release|Win32
		{9C7944F6-E79D-49A9-811A-8EB9B8CE9316}.Release|Win32.Build.0 = Release|Win32
		{9C7944F6-E79D-49A9-811A-8EB9B8CE9316}.Release|x64.ActiveCfg = Release|Win32
		{9C7944F6-E79D-49A9-811A-8EB9B8CE9316}.Release|x86.ActiveCfg = Release|Win32
		{9C7944F6-E79D-49A9-811A-8EB9B8CE9316}.Release|x86.Build.0 = Release|Win32
		{478BCF73-99EB-4283-9468-64CC65ED6887}.Debug|ARM.ActiveCfg = Debug|Win32
		{478BCF73-99EB-4283-9468-64CC65ED6887}.Debug|Mixed Platforms.ActiveCfg = Debug|Win32
		{478BCF73-99EB-4283-9468-64CC65ED6887}.Debug|Mixed Platforms.Build.0 = Debug|Win32
		{478BCF73-99EB-4283-9468-64CC65ED6887}.Debug|Win32.ActiveCfg = Debug|Win32
		{478BCF73-99EB-4283-9468-64CC65ED6887}.Debug|Win32.Build.0 = Debug|Win32
		{478BCF73-99EB-4283-9468-64CC65ED6887}.Debug|x64.ActiveCfg = Debug|Win32
		{478BCF73-99EB-4283-9468-64CC65ED6887}.Debug|x86.ActiveCfg = Debug|Win32
		{478BCF73-99EB-4283-9468-64CC65ED6887}.Debug|x86.Build.0 = Debug|Win32
		{478BCF73-99EB-4283-9468-64CC65ED6887}.Debugging|ARM.ActiveCfg = Release|Win32
		{478BCF73-99EB-4283-9468-64CC65ED6887}.Debugging|ARM.Build.0 = Release|Win32
		{478BCF73-99EB-4283-9468-64CC65ED6887}.Debugging|Mixed Platforms.ActiveCfg = Debug|Win32
		{478BCF73-99EB-4283-9468-64CC65ED6887}.Debugging|Mixed Platforms.Build.0 = Debug|Win32
		{478BCF73-99EB-4283-9468-64CC65ED6887}.Debugging|Win32.ActiveCfg = Debug|Win32
		{478BCF73-99EB-4283-9468-64CC65ED6887}.Debugging|Win32.Build.0 = Debug|Win32
		{478BCF73-99EB-4283-9468-64CC65ED6887}.Debugging|x64.ActiveCfg = Release|Win32
		{478BCF73-99EB-4283-9468-64CC65ED6887}.Debugging|x64.Build.0 = Release|Win32
		{478BCF73-99EB-4283-9468-64CC65ED6887}.Debugging|x86.ActiveCfg = Debug|Win32
		{478BCF73-99EB-4283-9468-64CC65ED6887}.Debugging|x86.Build.0 = Debug|Win32
		{478BCF73-99EB-4283-9468-64CC65ED6887}.Release|ARM.ActiveCfg = Release|Win32
		{478BCF73-99EB-4283-9468-64CC65ED6887}.Release|Mixed Platforms.ActiveCfg = Release|Win32
		{478BCF73-99EB-4283-9468-64CC65ED6887}.Release|Mixed Platforms.Build.0 = Release|Win32
		{478BCF73-99EB-4283-9468-64CC65ED6887}.Release|Win32.ActiveCfg = Release|Win32
		{478BCF73-99EB-4283-9468-64CC65ED6887}.Release|Win32.Build.0 = Release|Win32
		{478BCF73-99EB-4283-9468-64CC65ED6887}.Release|x64.ActiveCfg = Release|Win32
		{478BCF73-99EB-4283-9468-64CC65ED6887}.Release|x86.ActiveCfg = Release|Win32
		{478BCF73-99EB-4283-9468-64CC65ED6887}.Release|x86.Build.0 = Release|Win32
		{F6099407-1871-4FC0-8CDC-B76B1A369DB1}.Debug|ARM.ActiveCfg = Debug|Win32
		{F6099407-1871-4FC0-8CDC-B76B1A369DB1}.Debug|Mixed Platforms.ActiveCfg = Debug|Win32
		{F6099407-1871-4FC0-8CDC-B76B1A369DB1}.Debug|Mixed Platforms.Build.0 = Debug|Win32
		{F6099407-1871-4FC0-8CDC-B76B1A369DB1}.Debug|Win32.ActiveCfg = Debug|Win32
		{F6099407-1871-4FC0-8CDC-B76B1A369DB1}.Debug|Win32.Build.0 = Debug|Win32
		{F6099407-1871-4FC0-8CDC-B76B1A369DB1}.Debug|x64.ActiveCfg = Debug|Win32
		{F6099407-1871-4FC0-8CDC-B76B1A369DB1}.Debug|x86.ActiveCfg = Debug|Win32
		{F6099407-1871-4FC0-8CDC-B76B1A369DB1}.Debug|x86.Build.0 = Debug|Win32
		{F6099407-1871-4FC0-8CDC-B76B1A369DB1}.Debugging|ARM.ActiveCfg = Release|Win32
		{F6099407-1871-4FC0-8CDC-B76B1A369DB1}.Debugging|ARM.Build.0 = Release|Win32
		{F6099407-1871-4FC0-8CDC-B76B1A369DB1}.Debugging|Mixed Platforms.ActiveCfg = Debug|Win32
		{F6099407-1871-4FC0-8CDC-B76B1A369DB1}.Debugging|Mixed Platforms.Build.0 = Debug|Win32
		{F6099407-1871-4FC0-8CDC-B76B1A369DB1}.Debugging|Win32.ActiveCfg = Debug|Win32
		{F6099407-1871-4FC0-8CDC-B76B1A369DB1}.Debugging|Win32.Build.0 = Debug|Win32
		{F6099407-1871-4FC0-8CDC-B76B1A369DB1}.Debugging|x64.ActiveCfg = Release|Win32
		{F6099407-1871-4FC0-8CDC-B76B1A369DB1}.Debugging|x64.Build.0 = Release|Win32
		{F6099407-1871-4FC0-8CDC-B76B1A369DB1}.Debugging|x86.ActiveCfg = Debug|Win32
		{F6099407-1871-4FC0-8CDC-B76B1A369DB1}.Debugging|x86.Build.0 = Debug|Win32
		{F6099407-1871-4FC0-8CDC-B76B1A369DB1}.Release|ARM.ActiveCfg = Release|Win32
		{F6099407-1871-4FC0-8CDC-B76B1A369DB1}.Release|Mixed Platforms.ActiveCfg = Release|Win32
		{F6099407-1871-4FC0-8CDC-B76B1A369DB1}.Release|Mixed Platforms.Build.0 = Release|Win32
		{F6099407-1871-4FC0-8CDC-B76B1A369DB1}.Release|Win32.ActiveCfg = Release|Win32
		{F6099407-1871-4FC0-8CDC-B76B1A369DB1}.Release|Win32.Build.0 = Release|Win32
		{F6099407-1871-4FC0-8CDC-B76B1A369DB1}.Release|x64.ActiveCfg = Release|Win32
		{F6099407-1871-4FC0-8CDC-B76B1A369DB1}.Release|x86.ActiveCfg = Release|Win32
		{F6099407-1871-4FC0-8CDC-B76B1A369DB1}.Release|x86.Build.0 = Release|Win32
	EndGlobalSection
	GlobalSection(SolutionProperties) = preSolution
		HideSolutionNode = FALSE
	EndGlobalSection
EndGlobal
