<?xml version="1.0" encoding="utf-8"?>
<Project ToolsVersion="4.0" xmlns="http://schemas.microsoft.com/developer/msbuild/2003">
  <ItemGroup>
    <Filter Include="Resource Files">
      <UniqueIdentifier>{67DA6AB6-F800-4c08-8B7A-83BB121AAD01}</UniqueIdentifier>
      <Extensions>rc;ico;cur;bmp;dlg;rc2;rct;bin;rgs;gif;jpg;jpeg;jpe;resx;tiff;tif;png;wav;mfcribbon-ms</Extensions>
    </Filter>
    <Filter Include="Engine Header Files">
      <UniqueIdentifier>{93995380-89BD-4b04-88EB-625FBE52EBFB}</UniqueIdentifier>
      <Extensions>h;hh;hpp;hxx;hm;inl;inc;xsd</Extensions>
    </Filter>
    <Filter Include="Engine Source Files">
      <UniqueIdentifier>{4FC737F1-C7A5-4376-A066-2A32D752A2FF}</UniqueIdentifier>
      <Extensions>cpp;c;cc;cxx;def;odl;idl;hpj;bat;asm;asmx</Extensions>
    </Filter>
    <Filter Include="Game Source">
      <UniqueIdentifier>{c4fa4ebe-86ea-4fe8-8e0d-65c14351ec8e}</UniqueIdentifier>
    </Filter>
    <Filter Include="Game Header">
      <UniqueIdentifier>{97b531c7-7124-469d-826a-caba1795af3d}</UniqueIdentifier>
    </Filter>
  </ItemGroup>
  <ItemGroup>
    <ClCompile Include="Engine\AnimatedEntity.cpp">
      <Filter>Engine Source Files</Filter>
    </ClCompile>
    <ClCompile Include="Engine\AnimatedSprite.cpp">
      <Filter>Engine Source Files</Filter>
    </ClCompile>
    <ClCompile Include="Engine\Avatar.cpp">
      <Filter>Engine Source Files</Filter>
    </ClCompile>
    <ClCompile Include="Engine\Camera.cpp">
      <Filter>Engine Source Files</Filter>
    </ClCompile>
    <ClCompile Include="Engine\Core.cpp">
      <Filter>Engine Source Files</Filter>
    </ClCompile>
    <ClCompile Include="Engine\Entity.cpp">
      <Filter>Engine Source Files</Filter>
    </ClCompile>
    <ClCompile Include="Engine\EventHandeler.cpp">
      <Filter>Engine Source Files</Filter>
    </ClCompile>
    <ClCompile Include="Engine\IDManager.cpp">
      <Filter>Engine Source Files</Filter>
    </ClCompile>
    <ClCompile Include="Engine\Input.cpp">
      <Filter>Engine Source Files</Filter>
    </ClCompile>
    <ClCompile Include="Engine\Inventory.cpp">
      <Filter>Engine Source Files</Filter>
    </ClCompile>
    <ClCompile Include="Engine\Item.cpp">
      <Filter>Engine Source Files</Filter>
    </ClCompile>
    <ClCompile Include="Engine\Name.cpp">
      <Filter>Engine Source Files</Filter>
    </ClCompile>
    <ClCompile Include="Engine\Network.cpp">
      <Filter>Engine Source Files</Filter>
    </ClCompile>
    <ClCompile Include="Engine\Renderer.cpp">
      <Filter>Engine Source Files</Filter>
    </ClCompile>
    <ClCompile Include="Engine\Scene.cpp">
      <Filter>Engine Source Files</Filter>
    </ClCompile>
    <ClCompile Include="Engine\Sprite.cpp">
      <Filter>Engine Source Files</Filter>
    </ClCompile>
    <ClCompile Include="Engine\SpriteEntity.cpp">
      <Filter>Engine Source Files</Filter>
    </ClCompile>
    <ClCompile Include="Engine\SpriteManager.cpp">
      <Filter>Engine Source Files</Filter>
    </ClCompile>
    <ClCompile Include="Engine\Tile.cpp">
      <Filter>Engine Source Files</Filter>
    </ClCompile>
    <ClCompile Include="Engine\TileMap.cpp">
      <Filter>Engine Source Files</Filter>
    </ClCompile>
    <ClCompile Include="Engine\Timer.cpp">
      <Filter>Engine Source Files</Filter>
    </ClCompile>
    <ClCompile Include="Engine\Window.cpp">
      <Filter>Engine Source Files</Filter>
    </ClCompile>
    <ClCompile Include="CST_Input.cpp">
      <Filter>Game Source</Filter>
    </ClCompile>
    <ClCompile Include="Bomb.cpp">
      <Filter>Game Source</Filter>
    </ClCompile>
    <ClCompile Include="EntryPoint.cpp">
      <Filter>Game Source</Filter>
    </ClCompile>
    <ClCompile Include="Game.cpp">
      <Filter>Game Source</Filter>
    </ClCompile>
  </ItemGroup>
  <ItemGroup>
    <ClInclude Include="Engine\AnimatedEntity.h">
      <Filter>Engine Header Files</Filter>
    </ClInclude>
    <ClInclude Include="Engine\AnimatedSprite.h">
      <Filter>Engine Header Files</Filter>
    </ClInclude>
    <ClInclude Include="Engine\Avatar.h">
      <Filter>Engine Header Files</Filter>
    </ClInclude>
    <ClInclude Include="Engine\Camera.h">
      <Filter>Engine Header Files</Filter>
    </ClInclude>
    <ClInclude Include="Engine\Core.h">
      <Filter>Engine Header Files</Filter>
    </ClInclude>
    <ClInclude Include="Engine\Entity.h">
      <Filter>Engine Header Files</Filter>
    </ClInclude>
    <ClInclude Include="Engine\EventHandeler.h">
      <Filter>Engine Header Files</Filter>
    </ClInclude>
    <ClInclude Include="Engine\IDManager.h">
      <Filter>Engine Header Files</Filter>
    </ClInclude>
    <ClInclude Include="Engine\Input.h">
      <Filter>Engine Header Files</Filter>
    </ClInclude>
    <ClInclude Include="Engine\Inventory.h">
      <Filter>Engine Header Files</Filter>
    </ClInclude>
    <ClInclude Include="Engine\Item.h">
      <Filter>Engine Header Files</Filter>
    </ClInclude>
    <ClInclude Include="Engine\Name.h">
      <Filter>Engine Header Files</Filter>
    </ClInclude>
    <ClInclude Include="Engine\Network.h">
      <Filter>Engine Header Files</Filter>
    </ClInclude>
    <ClInclude Include="Engine\Renderer.h">
      <Filter>Engine Header Files</Filter>
    </ClInclude>
    <ClInclude Include="Engine\Scene.h">
      <Filter>Engine Header Files</Filter>
    </ClInclude>
    <ClInclude Include="Engine\Sprite.h">
      <Filter>Engine Header Files</Filter>
    </ClInclude>
    <ClInclude Include="Engine\SpriteEntity.h">
      <Filter>Engine Header Files</Filter>
    </ClInclude>
    <ClInclude Include="Engine\SpriteManager.h">
      <Filter>Engine Header Files</Filter>
    </ClInclude>
    <ClInclude Include="Engine\Tile.h">
      <Filter>Engine Header Files</Filter>
    </ClInclude>
    <ClInclude Include="Engine\TileMap.h">
      <Filter>Engine Header Files</Filter>
    </ClInclude>
    <ClInclude Include="Engine\Timer.h">
      <Filter>Engine Header Files</Filter>
    </ClInclude>
    <ClInclude Include="Engine\Window.h">
      <Filter>Engine Header Files</Filter>
    </ClInclude>
    <ClInclude Include="CST_Input.h">
      <Filter>Game Header</Filter>
    </ClInclude>
    <ClInclude Include="Bomb.h">
      <Filter>Game Header</Filter>
    </ClInclude>
    <ClInclude Include="Game.h">
      <Filter>Game Header</Filter>
    </ClInclude>
  </ItemGroup>
</Project>